// !$*UTF8*$!
{
	archiveVersion = 1;
	classes = {
	};
	objectVersion = 77;
	objects = {

/* Begin PBXBuildFile section */
		2C320B4A2EB40940003814A6 /* NotesModel.swift in Sources */ = {isa = PBXBuildFile; fileRef = 2C320B492EB4093F003814A6 /* NotesModel.swift */; };
		2C320B4C2EB40966003814A6 /* NotesListView.swift in Sources */ = {isa = PBXBuildFile; fileRef = 2C320B4B2EB40966003814A6 /* NotesListView.swift */; };
		2C7841392EB407C0008DDBBF /* Note.swift in Sources */ = {isa = PBXBuildFile; fileRef = 2C7841382EB407C0008DDBBF /* Note.swift */; };
		2C78413B2EB407D1008DDBBF /* NotesView.swift in Sources */ = {isa = PBXBuildFile; fileRef = 2C78413A2EB407D1008DDBBF /* NotesView.swift */; };
		2CB56D3E2EB3830D00A657FA /* Bookmark.swift in Sources */ = {isa = PBXBuildFile; fileRef = 2CB56D3D2EB3830D00A657FA /* Bookmark.swift */; };
		2CB56D402EB3831100A657FA /* BookmarksView.swift in Sources */ = {isa = PBXBuildFile; fileRef = 2CB56D3F2EB3831100A657FA /* BookmarksView.swift */; };
		2CB56D982EB3895400A657FA /* HomeView.swift in Sources */ = {isa = PBXBuildFile; fileRef = 2CB56D972EB3895400A657FA /* HomeView.swift */; };
		2CB56DF02EB3942900A657FA /* Toast.swift in Sources */ = {isa = PBXBuildFile; fileRef = 2CB56DEF2EB3942900A657FA /* Toast.swift */; };
/* End PBXBuildFile section */

/* Begin PBXContainerItemProxy section */
		2C3B0F7F2EB14F3E0089556C /* PBXContainerItemProxy */ = {
			isa = PBXContainerItemProxy;
			containerPortal = 2C3B0F652EB14F3D0089556C /* Project object */;
			proxyType = 1;
			remoteGlobalIDString = 2C3B0F6C2EB14F3D0089556C;
			remoteInfo = "The Bible";
		};
		2C3B0F892EB14F3E0089556C /* PBXContainerItemProxy */ = {
			isa = PBXContainerItemProxy;
			containerPortal = 2C3B0F652EB14F3D0089556C /* Project object */;
			proxyType = 1;
			remoteGlobalIDString = 2C3B0F6C2EB14F3D0089556C;
			remoteInfo = "The Bible";
		};
/* End PBXContainerItemProxy section */

/* Begin PBXFileReference section */
		2C320B492EB4093F003814A6 /* NotesModel.swift */ = {isa = PBXFileReference; lastKnownFileType = sourcecode.swift; path = NotesModel.swift; sourceTree = "<group>"; };
		2C320B4B2EB40966003814A6 /* NotesListView.swift */ = {isa = PBXFileReference; lastKnownFileType = sourcecode.swift; path = NotesListView.swift; sourceTree = "<group>"; };
		2C3B0F6D2EB14F3D0089556C /* The Bible.app */ = {isa = PBXFileReference; explicitFileType = wrapper.application; includeInIndex = 0; path = "The Bible.app"; sourceTree = BUILT_PRODUCTS_DIR; };
		2C3B0F7E2EB14F3E0089556C /* The BibleTests.xctest */ = {isa = PBXFileReference; explicitFileType = wrapper.cfbundle; includeInIndex = 0; path = "The BibleTests.xctest"; sourceTree = BUILT_PRODUCTS_DIR; };
		2C3B0F882EB14F3E0089556C /* The BibleUITests.xctest */ = {isa = PBXFileReference; explicitFileType = wrapper.cfbundle; includeInIndex = 0; path = "The BibleUITests.xctest"; sourceTree = BUILT_PRODUCTS_DIR; };
		2C7841382EB407C0008DDBBF /* Note.swift */ = {isa = PBXFileReference; lastKnownFileType = sourcecode.swift; path = Note.swift; sourceTree = "<group>"; };
		2C78413A2EB407D1008DDBBF /* NotesView.swift */ = {isa = PBXFileReference; lastKnownFileType = sourcecode.swift; path = NotesView.swift; sourceTree = "<group>"; };
		2CB56D3D2EB3830D00A657FA /* Bookmark.swift */ = {isa = PBXFileReference; lastKnownFileType = sourcecode.swift; path = Bookmark.swift; sourceTree = "<group>"; };
		2CB56D3F2EB3831100A657FA /* BookmarksView.swift */ = {isa = PBXFileReference; lastKnownFileType = sourcecode.swift; path = BookmarksView.swift; sourceTree = "<group>"; };
		2CB56D972EB3895400A657FA /* HomeView.swift */ = {isa = PBXFileReference; lastKnownFileType = sourcecode.swift; path = HomeView.swift; sourceTree = "<group>"; };
		2CB56DEF2EB3942900A657FA /* Toast.swift */ = {isa = PBXFileReference; lastKnownFileType = sourcecode.swift; path = Toast.swift; sourceTree = "<group>"; };
/* End PBXFileReference section */

/* Begin PBXFileSystemSynchronizedBuildFileExceptionSet section */
		2C3B0F902EB14F3E0089556C /* Exceptions for "The Bible" folder in "The Bible" target */ = {
			isa = PBXFileSystemSynchronizedBuildFileExceptionSet;
			membershipExceptions = (
				Info.plist,
			);
			target = 2C3B0F6C2EB14F3D0089556C /* The Bible */;
		};
/* End PBXFileSystemSynchronizedBuildFileExceptionSet section */

/* Begin PBXFileSystemSynchronizedRootGroup section */
		2C3B0F6F2EB14F3D0089556C /* The Bible */ = {
			isa = PBXFileSystemSynchronizedRootGroup;
			exceptions = (
				2C3B0F902EB14F3E0089556C /* Exceptions for "The Bible" folder in "The Bible" target */,
			);
			path = "The Bible";
			sourceTree = "<group>";
		};
		2C3B0F812EB14F3E0089556C /* The BibleTests */ = {
			isa = PBXFileSystemSynchronizedRootGroup;
			path = "The BibleTests";
			sourceTree = "<group>";
		};
		2C3B0F8B2EB14F3E0089556C /* The BibleUITests */ = {
			isa = PBXFileSystemSynchronizedRootGroup;
			path = "The BibleUITests";
			sourceTree = "<group>";
		};
/* End PBXFileSystemSynchronizedRootGroup section */

/* Begin PBXFrameworksBuildPhase section */
		2C3B0F6A2EB14F3D0089556C /* Frameworks */ = {
			isa = PBXFrameworksBuildPhase;
			buildActionMask = 2147483647;
			files = (
			);
			runOnlyForDeploymentPostprocessing = 0;
		};
		2C3B0F7B2EB14F3E0089556C /* Frameworks */ = {
			isa = PBXFrameworksBuildPhase;
			buildActionMask = 2147483647;
			files = (
			);
			runOnlyForDeploymentPostprocessing = 0;
		};
		2C3B0F852EB14F3E0089556C /* Frameworks */ = {
			isa = PBXFrameworksBuildPhase;
			buildActionMask = 2147483647;
			files = (
			);
			runOnlyForDeploymentPostprocessing = 0;
		};
/* End PBXFrameworksBuildPhase section */

/* Begin PBXGroup section */
		2C3B0F642EB14F3D0089556C = {
			isa = PBXGroup;
			children = (
				2C3B0F6F2EB14F3D0089556C /* The Bible */,
				2C3B0F812EB14F3E0089556C /* The BibleTests */,
				2C3B0F8B2EB14F3E0089556C /* The BibleUITests */,
				2C3B0F6E2EB14F3D0089556C /* Products */,
				2CB56D3D2EB3830D00A657FA /* Bookmark.swift */,
				2CB56D3F2EB3831100A657FA /* BookmarksView.swift */,
				2CB56D972EB3895400A657FA /* HomeView.swift */,
				2CB56DEF2EB3942900A657FA /* Toast.swift */,
				2C7841382EB407C0008DDBBF /* Note.swift */,
				2C78413A2EB407D1008DDBBF /* NotesView.swift */,
				2C320B492EB4093F003814A6 /* NotesModel.swift */,
				2C320B4B2EB40966003814A6 /* NotesListView.swift */,
			);
			sourceTree = "<group>";
		};
		2C3B0F6E2EB14F3D0089556C /* Products */ = {
			isa = PBXGroup;
			children = (
				2C3B0F6D2EB14F3D0089556C /* The Bible.app */,
				2C3B0F7E2EB14F3E0089556C /* The BibleTests.xctest */,
				2C3B0F882EB14F3E0089556C /* The BibleUITests.xctest */,
			);
			name = Products;
			sourceTree = "<group>";
		};
/* End PBXGroup section */

/* Begin PBXNativeTarget section */
		2C3B0F6C2EB14F3D0089556C /* The Bible */ = {
			isa = PBXNativeTarget;
			buildConfigurationList = 2C3B0F912EB14F3E0089556C /* Build configuration list for PBXNativeTarget "The Bible" */;
			buildPhases = (
				2C3B0F692EB14F3D0089556C /* Sources */,
				2C3B0F6A2EB14F3D0089556C /* Frameworks */,
				2C3B0F6B2EB14F3D0089556C /* Resources */,
			);
			buildRules = (
			);
			dependencies = (
			);
			fileSystemSynchronizedGroups = (
				2C3B0F6F2EB14F3D0089556C /* The Bible */,
			);
			name = "The Bible";
			packageProductDependencies = (
			);
			productName = "The Bible";
			productReference = 2C3B0F6D2EB14F3D0089556C /* The Bible.app */;
			productType = "com.apple.product-type.application";
		};
		2C3B0F7D2EB14F3E0089556C /* The BibleTests */ = {
			isa = PBXNativeTarget;
			buildConfigurationList = 2C3B0F962EB14F3E0089556C /* Build configuration list for PBXNativeTarget "The BibleTests" */;
			buildPhases = (
				2C3B0F7A2EB14F3E0089556C /* Sources */,
				2C3B0F7B2EB14F3E0089556C /* Frameworks */,
				2C3B0F7C2EB14F3E0089556C /* Resources */,
			);
			buildRules = (
			);
			dependencies = (
				2C3B0F802EB14F3E0089556C /* PBXTargetDependency */,
			);
			fileSystemSynchronizedGroups = (
				2C3B0F812EB14F3E0089556C /* The BibleTests */,
			);
			name = "The BibleTests";
			packageProductDependencies = (
			);
			productName = "The BibleTests";
			productReference = 2C3B0F7E2EB14F3E0089556C /* The BibleTests.xctest */;
			productType = "com.apple.product-type.bundle.unit-test";
		};
		2C3B0F872EB14F3E0089556C /* The BibleUITests */ = {
			isa = PBXNativeTarget;
			buildConfigurationList = 2C3B0F992EB14F3E0089556C /* Build configuration list for PBXNativeTarget "The BibleUITests" */;
			buildPhases = (
				2C3B0F842EB14F3E0089556C /* Sources */,
				2C3B0F852EB14F3E0089556C /* Frameworks */,
				2C3B0F862EB14F3E0089556C /* Resources */,
			);
			buildRules = (
			);
			dependencies = (
				2C3B0F8A2EB14F3E0089556C /* PBXTargetDependency */,
			);
			fileSystemSynchronizedGroups = (
				2C3B0F8B2EB14F3E0089556C /* The BibleUITests */,
			);
			name = "The BibleUITests";
			packageProductDependencies = (
			);
			productName = "The BibleUITests";
			productReference = 2C3B0F882EB14F3E0089556C /* The BibleUITests.xctest */;
			productType = "com.apple.product-type.bundle.ui-testing";
		};
/* End PBXNativeTarget section */

/* Begin PBXProject section */
		2C3B0F652EB14F3D0089556C /* Project object */ = {
			isa = PBXProject;
			attributes = {
				BuildIndependentTargetsInParallel = 1;
				LastSwiftUpdateCheck = 2600;
				LastUpgradeCheck = 2600;
				TargetAttributes = {
					2C3B0F6C2EB14F3D0089556C = {
						CreatedOnToolsVersion = 26.0.1;
					};
					2C3B0F7D2EB14F3E0089556C = {
						CreatedOnToolsVersion = 26.0.1;
						TestTargetID = 2C3B0F6C2EB14F3D0089556C;
					};
					2C3B0F872EB14F3E0089556C = {
						CreatedOnToolsVersion = 26.0.1;
						TestTargetID = 2C3B0F6C2EB14F3D0089556C;
					};
				};
			};
			buildConfigurationList = 2C3B0F682EB14F3D0089556C /* Build configuration list for PBXProject "The Bible" */;
			developmentRegion = en;
			hasScannedForEncodings = 0;
			knownRegions = (
				en,
				Base,
			);
			mainGroup = 2C3B0F642EB14F3D0089556C;
			minimizedProjectReferenceProxies = 1;
			preferredProjectObjectVersion = 77;
			productRefGroup = 2C3B0F6E2EB14F3D0089556C /* Products */;
			projectDirPath = "";
			projectRoot = "";
			targets = (
				2C3B0F6C2EB14F3D0089556C /* The Bible */,
				2C3B0F7D2EB14F3E0089556C /* The BibleTests */,
				2C3B0F872EB14F3E0089556C /* The BibleUITests */,
			);
		};
/* End PBXProject section */

/* Begin PBXResourcesBuildPhase section */
		2C3B0F6B2EB14F3D0089556C /* Resources */ = {
			isa = PBXResourcesBuildPhase;
			buildActionMask = 2147483647;
			files = (
			);
			runOnlyForDeploymentPostprocessing = 0;
		};
		2C3B0F7C2EB14F3E0089556C /* Resources */ = {
			isa = PBXResourcesBuildPhase;
			buildActionMask = 2147483647;
			files = (
			);
			runOnlyForDeploymentPostprocessing = 0;
		};
		2C3B0F862EB14F3E0089556C /* Resources */ = {
			isa = PBXResourcesBuildPhase;
			buildActionMask = 2147483647;
			files = (
			);
			runOnlyForDeploymentPostprocessing = 0;
		};
/* End PBXResourcesBuildPhase section */

/* Begin PBXSourcesBuildPhase section */
		2C3B0F692EB14F3D0089556C /* Sources */ = {
			isa = PBXSourcesBuildPhase;
			buildActionMask = 2147483647;
			files = (
				2C78413B2EB407D1008DDBBF /* NotesView.swift in Sources */,
				2C7841392EB407C0008DDBBF /* Note.swift in Sources */,
				2CB56D402EB3831100A657FA /* BookmarksView.swift in Sources */,
				2CB56D3E2EB3830D00A657FA /* Bookmark.swift in Sources */,
				2C320B4A2EB40940003814A6 /* NotesModel.swift in Sources */,
				2C320B4C2EB40966003814A6 /* NotesListView.swift in Sources */,
				2CB56DF02EB3942900A657FA /* Toast.swift in Sources */,
				2CB56D982EB3895400A657FA /* HomeView.swift in Sources */,
			);
			runOnlyForDeploymentPostprocessing = 0;
		};
		2C3B0F7A2EB14F3E0089556C /* Sources */ = {
			isa = PBXSourcesBuildPhase;
			buildActionMask = 2147483647;
			files = (
			);
			runOnlyForDeploymentPostprocessing = 0;
		};
		2C3B0F842EB14F3E0089556C /* Sources */ = {
			isa = PBXSourcesBuildPhase;
			buildActionMask = 2147483647;
			files = (
			);
			runOnlyForDeploymentPostprocessing = 0;
		};
/* End PBXSourcesBuildPhase section */

/* Begin PBXTargetDependency section */
		2C3B0F802EB14F3E0089556C /* PBXTargetDependency */ = {
			isa = PBXTargetDependency;
			target = 2C3B0F6C2EB14F3D0089556C /* The Bible */;
			targetProxy = 2C3B0F7F2EB14F3E0089556C /* PBXContainerItemProxy */;
		};
		2C3B0F8A2EB14F3E0089556C /* PBXTargetDependency */ = {
			isa = PBXTargetDependency;
			target = 2C3B0F6C2EB14F3D0089556C /* The Bible */;
			targetProxy = 2C3B0F892EB14F3E0089556C /* PBXContainerItemProxy */;
		};
/* End PBXTargetDependency section */

/* Begin XCBuildConfiguration section */
		2C3B0F922EB14F3E0089556C /* Debug */ = {
			isa = XCBuildConfiguration;
			buildSettings = {
				ASSETCATALOG_COMPILER_APPICON_NAME = AppIcon;
				ASSETCATALOG_COMPILER_GLOBAL_ACCENT_COLOR_NAME = AccentColor;
				CODE_SIGN_STYLE = Automatic;
				CURRENT_PROJECT_VERSION = 1;
				DEVELOPMENT_TEAM = ZKG79M599K;
				ENABLE_APP_SANDBOX = YES;
				ENABLE_HARDENED_RUNTIME = YES;
				ENABLE_PREVIEWS = YES;
				ENABLE_USER_SELECTED_FILES = readonly;
				GENERATE_INFOPLIST_FILE = YES;
				INFOPLIST_FILE = "The Bible/Info.plist";
				"INFOPLIST_KEY_UIApplicationSceneManifest_Generation[sdk=iphoneos*]" = YES;
				"INFOPLIST_KEY_UIApplicationSceneManifest_Generation[sdk=iphonesimulator*]" = YES;
				"INFOPLIST_KEY_UIApplicationSupportsIndirectInputEvents[sdk=iphoneos*]" = YES;
				"INFOPLIST_KEY_UIApplicationSupportsIndirectInputEvents[sdk=iphonesimulator*]" = YES;
				"INFOPLIST_KEY_UILaunchScreen_Generation[sdk=iphoneos*]" = YES;
				"INFOPLIST_KEY_UILaunchScreen_Generation[sdk=iphonesimulator*]" = YES;
				"INFOPLIST_KEY_UIStatusBarStyle[sdk=iphoneos*]" = UIStatusBarStyleDefault;
				"INFOPLIST_KEY_UIStatusBarStyle[sdk=iphonesimulator*]" = UIStatusBarStyleDefault;
				INFOPLIST_KEY_UISupportedInterfaceOrientations_iPad = "UIInterfaceOrientationPortrait UIInterfaceOrientationPortraitUpsideDown UIInterfaceOrientationLandscapeLeft UIInterfaceOrientationLandscapeRight";
				INFOPLIST_KEY_UISupportedInterfaceOrientations_iPhone = "UIInterfaceOrientationPortrait UIInterfaceOrientationLandscapeLeft UIInterfaceOrientationLandscapeRight";
				IPHONEOS_DEPLOYMENT_TARGET = 26.0;
				LD_RUNPATH_SEARCH_PATHS = "@executable_path/Frameworks";
				"LD_RUNPATH_SEARCH_PATHS[sdk=macosx*]" = "@executable_path/../Frameworks";
				MACOSX_DEPLOYMENT_TARGET = 26.0;
				MARKETING_VERSION = 1.0;
				PRODUCT_BUNDLE_IDENTIFIER = "Creecy.The-Bible";
				PRODUCT_NAME = "$(TARGET_NAME)";
				REGISTER_APP_GROUPS = YES;
				SDKROOT = auto;
				STRING_CATALOG_GENERATE_SYMBOLS = YES;
				SUPPORTED_PLATFORMS = "iphoneos iphonesimulator macosx xros xrsimulator";
				SWIFT_APPROACHABLE_CONCURRENCY = YES;
				SWIFT_DEFAULT_ACTOR_ISOLATION = MainActor;
				SWIFT_EMIT_LOC_STRINGS = YES;
				SWIFT_UPCOMING_FEATURE_MEMBER_IMPORT_VISIBILITY = YES;
				SWIFT_VERSION = 5.0;
				TARGETED_DEVICE_FAMILY = "1,2,7";
				XROS_DEPLOYMENT_TARGET = 26.0;
			};
			name = Debug;
		};
		2C3B0F932EB14F3E0089556C /* Release */ = {
			isa = XCBuildConfiguration;
			buildSettings = {
				ASSETCATALOG_COMPILER_APPICON_NAME = AppIcon;
				ASSETCATALOG_COMPILER_GLOBAL_ACCENT_COLOR_NAME = AccentColor;
				CODE_SIGN_STYLE = Automatic;
				CURRENT_PROJECT_VERSION = 1;
				DEVELOPMENT_TEAM = ZKG79M599K;
				ENABLE_APP_SANDBOX = YES;
				ENABLE_HARDENED_RUNTIME = YES;
				ENABLE_PREVIEWS = YES;
				ENABLE_USER_SELECTED_FILES = readonly;
				GENERATE_INFOPLIST_FILE = YES;
				INFOPLIST_FILE = "The Bible/Info.plist";
				"INFOPLIST_KEY_UIApplicationSceneManifest_Generation[sdk=iphoneos*]" = YES;
				"INFOPLIST_KEY_UIApplicationSceneManifest_Generation[sdk=iphonesimulator*]" = YES;
				"INFOPLIST_KEY_UIApplicationSupportsIndirectInputEvents[sdk=iphoneos*]" = YES;
				"INFOPLIST_KEY_UIApplicationSupportsIndirectInputEvents[sdk=iphonesimulator*]" = YES;
				"INFOPLIST_KEY_UILaunchScreen_Generation[sdk=iphoneos*]" = YES;
				"INFOPLIST_KEY_UILaunchScreen_Generation[sdk=iphonesimulator*]" = YES;
				"INFOPLIST_KEY_UIStatusBarStyle[sdk=iphoneos*]" = UIStatusBarStyleDefault;
				"INFOPLIST_KEY_UIStatusBarStyle[sdk=iphonesimulator*]" = UIStatusBarStyleDefault;
				INFOPLIST_KEY_UISupportedInterfaceOrientations_iPad = "UIInterfaceOrientationPortrait UIInterfaceOrientationPortraitUpsideDown UIInterfaceOrientationLandscapeLeft UIInterfaceOrientationLandscapeRight";
				INFOPLIST_KEY_UISupportedInterfaceOrientations_iPhone = "UIInterfaceOrientationPortrait UIInterfaceOrientationLandscapeLeft UIInterfaceOrientationLandscapeRight";
				IPHONEOS_DEPLOYMENT_TARGET = 26.0;
				LD_RUNPATH_SEARCH_PATHS = "@executable_path/Frameworks";
				"LD_RUNPATH_SEARCH_PATHS[sdk=macosx*]" = "@executable_path/../Frameworks";
				MACOSX_DEPLOYMENT_TARGET = 26.0;
				MARKETING_VERSION = 1.0;
				PRODUCT_BUNDLE_IDENTIFIER = "Creecy.The-Bible";
				PRODUCT_NAME = "$(TARGET_NAME)";
				REGISTER_APP_GROUPS = YES;
				SDKROOT = auto;
				STRING_CATALOG_GENERATE_SYMBOLS = YES;
				SUPPORTED_PLATFORMS = "iphoneos iphonesimulator macosx xros xrsimulator";
				SWIFT_APPROACHABLE_CONCURRENCY = YES;
				SWIFT_DEFAULT_ACTOR_ISOLATION = MainActor;
				SWIFT_EMIT_LOC_STRINGS = YES;
				SWIFT_UPCOMING_FEATURE_MEMBER_IMPORT_VISIBILITY = YES;
				SWIFT_VERSION = 5.0;
				TARGETED_DEVICE_FAMILY = "1,2,7";
				XROS_DEPLOYMENT_TARGET = 26.0;
			};
			name = Release;
		};
		2C3B0F942EB14F3E0089556C /* Debug */ = {
			isa = XCBuildConfiguration;
			buildSettings = {
				ALWAYS_SEARCH_USER_PATHS = NO;
				ASSETCATALOG_COMPILER_GENERATE_SWIFT_ASSET_SYMBOL_EXTENSIONS = YES;
				CLANG_ANALYZER_NONNULL = YES;
				CLANG_ANALYZER_NUMBER_OBJECT_CONVERSION = YES_AGGRESSIVE;
				CLANG_CXX_LANGUAGE_STANDARD = "gnu++20";
				CLANG_ENABLE_MODULES = YES;
				CLANG_ENABLE_OBJC_ARC = YES;
				CLANG_ENABLE_OBJC_WEAK = YES;
				CLANG_WARN_BLOCK_CAPTURE_AUTORELEASING = YES;
				CLANG_WARN_BOOL_CONVERSION = YES;
				CLANG_WARN_COMMA = YES;
				CLANG_WARN_CONSTANT_CONVERSION = YES;
				CLANG_WARN_DEPRECATED_OBJC_IMPLEMENTATIONS = YES;
				CLANG_WARN_DIRECT_OBJC_ISA_USAGE = YES_ERROR;
				CLANG_WARN_DOCUMENTATION_COMMENTS = YES;
				CLANG_WARN_EMPTY_BODY = YES;
				CLANG_WARN_ENUM_CONVERSION = YES;
				CLANG_WARN_INFINITE_RECURSION = YES;
				CLANG_WARN_INT_CONVERSION = YES;
				CLANG_WARN_NON_LITERAL_NULL_CONVERSION = YES;
				CLANG_WARN_OBJC_IMPLICIT_RETAIN_SELF = YES;
				CLANG_WARN_OBJC_LITERAL_CONVERSION = YES;
				CLANG_WARN_OBJC_ROOT_CLASS = YES_ERROR;
				CLANG_WARN_QUOTED_INCLUDE_IN_FRAMEWORK_HEADER = YES;
				CLANG_WARN_RANGE_LOOP_ANALYSIS = YES;
				CLANG_WARN_STRICT_PROTOTYPES = YES;
				CLANG_WARN_SUSPICIOUS_MOVE = YES;
				CLANG_WARN_UNGUARDED_AVAILABILITY = YES_AGGRESSIVE;
				CLANG_WARN_UNREACHABLE_CODE = YES;
				CLANG_WARN__DUPLICATE_METHOD_MATCH = YES;
				COPY_PHASE_STRIP = NO;
				DEBUG_INFORMATION_FORMAT = dwarf;
				DEVELOPMENT_TEAM = ZKG79M599K;
				ENABLE_STRICT_OBJC_MSGSEND = YES;
				ENABLE_TESTABILITY = YES;
				ENABLE_USER_SCRIPT_SANDBOXING = YES;
				GCC_C_LANGUAGE_STANDARD = gnu17;
				GCC_DYNAMIC_NO_PIC = NO;
				GCC_NO_COMMON_BLOCKS = YES;
				GCC_OPTIMIZATION_LEVEL = 0;
				GCC_PREPROCESSOR_DEFINITIONS = (
					"DEBUG=1",
					"$(inherited)",
				);
				GCC_WARN_64_TO_32_BIT_CONVERSION = YES;
				GCC_WARN_ABOUT_RETURN_TYPE = YES_ERROR;
				GCC_WARN_UNDECLARED_SELECTOR = YES;
				GCC_WARN_UNINITIALIZED_AUTOS = YES_AGGRESSIVE;
				GCC_WARN_UNUSED_FUNCTION = YES;
				GCC_WARN_UNUSED_VARIABLE = YES;
				LOCALIZATION_PREFERS_STRING_CATALOGS = YES;
				MTL_ENABLE_DEBUG_INFO = INCLUDE_SOURCE;
				MTL_FAST_MATH = YES;
				ONLY_ACTIVE_ARCH = YES;
				SWIFT_ACTIVE_COMPILATION_CONDITIONS = "DEBUG $(inherited)";
				SWIFT_OPTIMIZATION_LEVEL = "-Onone";
			};
			name = Debug;
		};
		2C3B0F952EB14F3E0089556C /* Release */ = {
			isa = XCBuildConfiguration;
			buildSettings = {
				ALWAYS_SEARCH_USER_PATHS = NO;
				ASSETCATALOG_COMPILER_GENERATE_SWIFT_ASSET_SYMBOL_EXTENSIONS = YES;
				CLANG_ANALYZER_NONNULL = YES;
				CLANG_ANALYZER_NUMBER_OBJECT_CONVERSION = YES_AGGRESSIVE;
				CLANG_CXX_LANGUAGE_STANDARD = "gnu++20";
				CLANG_ENABLE_MODULES = YES;
				CLANG_ENABLE_OBJC_ARC = YES;
				CLANG_ENABLE_OBJC_WEAK = YES;
				CLANG_WARN_BLOCK_CAPTURE_AUTORELEASING = YES;
				CLANG_WARN_BOOL_CONVERSION = YES;
				CLANG_WARN_COMMA = YES;
				CLANG_WARN_CONSTANT_CONVERSION = YES;
				CLANG_WARN_DEPRECATED_OBJC_IMPLEMENTATIONS = YES;
				CLANG_WARN_DIRECT_OBJC_ISA_USAGE = YES_ERROR;
				CLANG_WARN_DOCUMENTATION_COMMENTS = YES;
				CLANG_WARN_EMPTY_BODY = YES;
				CLANG_WARN_ENUM_CONVERSION = YES;
				CLANG_WARN_INFINITE_RECURSION = YES;
				CLANG_WARN_INT_CONVERSION = YES;
				CLANG_WARN_NON_LITERAL_NULL_CONVERSION = YES;
				CLANG_WARN_OBJC_IMPLICIT_RETAIN_SELF = YES;
				CLANG_WARN_OBJC_LITERAL_CONVERSION = YES;
				CLANG_WARN_OBJC_ROOT_CLASS = YES_ERROR;
				CLANG_WARN_QUOTED_INCLUDE_IN_FRAMEWORK_HEADER = YES;
				CLANG_WARN_RANGE_LOOP_ANALYSIS = YES;
				CLANG_WARN_STRICT_PROTOTYPES = YES;
				CLANG_WARN_SUSPICIOUS_MOVE = YES;
				CLANG_WARN_UNGUARDED_AVAILABILITY = YES_AGGRESSIVE;
				CLANG_WARN_UNREACHABLE_CODE = YES;
				CLANG_WARN__DUPLICATE_METHOD_MATCH = YES;
				COPY_PHASE_STRIP = NO;
				DEBUG_INFORMATION_FORMAT = "dwarf-with-dsym";
				DEVELOPMENT_TEAM = ZKG79M599K;
				ENABLE_NS_ASSERTIONS = NO;
				ENABLE_STRICT_OBJC_MSGSEND = YES;
				ENABLE_USER_SCRIPT_SANDBOXING = YES;
				GCC_C_LANGUAGE_STANDARD = gnu17;
				GCC_NO_COMMON_BLOCKS = YES;
				GCC_WARN_64_TO_32_BIT_CONVERSION = YES;
				GCC_WARN_ABOUT_RETURN_TYPE = YES_ERROR;
				GCC_WARN_UNDECLARED_SELECTOR = YES;
				GCC_WARN_UNINITIALIZED_AUTOS = YES_AGGRESSIVE;
				GCC_WARN_UNUSED_FUNCTION = YES;
				GCC_WARN_UNUSED_VARIABLE = YES;
				LOCALIZATION_PREFERS_STRING_CATALOGS = YES;
				MTL_ENABLE_DEBUG_INFO = NO;
				MTL_FAST_MATH = YES;
				SWIFT_COMPILATION_MODE = wholemodule;
			};
			name = Release;
		};
		2C3B0F972EB14F3E0089556C /* Debug */ = {
			isa = XCBuildConfiguration;
			buildSettings = {
				BUNDLE_LOADER = "$(TEST_HOST)";
				CODE_SIGN_STYLE = Automatic;
				CURRENT_PROJECT_VERSION = 1;
				DEVELOPMENT_TEAM = ZKG79M599K;
				GENERATE_INFOPLIST_FILE = YES;
				IPHONEOS_DEPLOYMENT_TARGET = 26.0;
				MACOSX_DEPLOYMENT_TARGET = 26.0;
				MARKETING_VERSION = 1.0;
				PRODUCT_BUNDLE_IDENTIFIER = "Creecy.The-BibleTests";
				PRODUCT_NAME = "$(TARGET_NAME)";
				SDKROOT = auto;
				STRING_CATALOG_GENERATE_SYMBOLS = NO;
				SUPPORTED_PLATFORMS = "iphoneos iphonesimulator macosx xros xrsimulator";
				SWIFT_APPROACHABLE_CONCURRENCY = YES;
				SWIFT_EMIT_LOC_STRINGS = NO;
				SWIFT_UPCOMING_FEATURE_MEMBER_IMPORT_VISIBILITY = YES;
				SWIFT_VERSION = 5.0;
				TARGETED_DEVICE_FAMILY = "1,2,7";
				TEST_HOST = "$(BUILT_PRODUCTS_DIR)/The Bible.app/$(BUNDLE_EXECUTABLE_FOLDER_PATH)/The Bible";
				XROS_DEPLOYMENT_TARGET = 26.0;
			};
			name = Debug;
		};
		2C3B0F982EB14F3E0089556C /* Release */ = {
			isa = XCBuildConfiguration;
			buildSettings = {
				BUNDLE_LOADER = "$(TEST_HOST)";
				CODE_SIGN_STYLE = Automatic;
				CURRENT_PROJECT_VERSION = 1;
				DEVELOPMENT_TEAM = ZKG79M599K;
				GENERATE_INFOPLIST_FILE = YES;
				IPHONEOS_DEPLOYMENT_TARGET = 26.0;
				MACOSX_DEPLOYMENT_TARGET = 26.0;
				MARKETING_VERSION = 1.0;
				PRODUCT_BUNDLE_IDENTIFIER = "Creecy.The-BibleTests";
				PRODUCT_NAME = "$(TARGET_NAME)";
				SDKROOT = auto;
				STRING_CATALOG_GENERATE_SYMBOLS = NO;
				SUPPORTED_PLATFORMS = "iphoneos iphonesimulator macosx xros xrsimulator";
				SWIFT_APPROACHABLE_CONCURRENCY = YES;
				SWIFT_EMIT_LOC_STRINGS = NO;
				SWIFT_UPCOMING_FEATURE_MEMBER_IMPORT_VISIBILITY = YES;
				SWIFT_VERSION = 5.0;
				TARGETED_DEVICE_FAMILY = "1,2,7";
				TEST_HOST = "$(BUILT_PRODUCTS_DIR)/The Bible.app/$(BUNDLE_EXECUTABLE_FOLDER_PATH)/The Bible";
				XROS_DEPLOYMENT_TARGET = 26.0;
			};
			name = Release;
		};
		2C3B0F9A2EB14F3E0089556C /* Debug */ = {
			isa = XCBuildConfiguration;
			buildSettings = {
				CODE_SIGN_STYLE = Automatic;
				CURRENT_PROJECT_VERSION = 1;
				DEVELOPMENT_TEAM = ZKG79M599K;
				GENERATE_INFOPLIST_FILE = YES;
				IPHONEOS_DEPLOYMENT_TARGET = 26.0;
				MACOSX_DEPLOYMENT_TARGET = 26.0;
				MARKETING_VERSION = 1.0;
				PRODUCT_BUNDLE_IDENTIFIER = "Creecy.The-BibleUITests";
				PRODUCT_NAME = "$(TARGET_NAME)";
				SDKROOT = auto;
				STRING_CATALOG_GENERATE_SYMBOLS = NO;
				SUPPORTED_PLATFORMS = "iphoneos iphonesimulator macosx xros xrsimulator";
				SWIFT_APPROACHABLE_CONCURRENCY = YES;
				SWIFT_EMIT_LOC_STRINGS = NO;
				SWIFT_UPCOMING_FEATURE_MEMBER_IMPORT_VISIBILITY = YES;
				SWIFT_VERSION = 5.0;
				TARGETED_DEVICE_FAMILY = "1,2,7";
				TEST_TARGET_NAME = "The Bible";
				XROS_DEPLOYMENT_TARGET = 26.0;
			};
			name = Debug;
		};
		2C3B0F9B2EB14F3E0089556C /* Release */ = {
			isa = XCBuildConfiguration;
			buildSettings = {
				CODE_SIGN_STYLE = Automatic;
				CURRENT_PROJECT_VERSION = 1;
				DEVELOPMENT_TEAM = ZKG79M599K;
				GENERATE_INFOPLIST_FILE = YES;
				IPHONEOS_DEPLOYMENT_TARGET = 26.0;
				MACOSX_DEPLOYMENT_TARGET = 26.0;
				MARKETING_VERSION = 1.0;
				PRODUCT_BUNDLE_IDENTIFIER = "Creecy.The-BibleUITests";
				PRODUCT_NAME = "$(TARGET_NAME)";
				SDKROOT = auto;
				STRING_CATALOG_GENERATE_SYMBOLS = NO;
				SUPPORTED_PLATFORMS = "iphoneos iphonesimulator macosx xros xrsimulator";
				SWIFT_APPROACHABLE_CONCURRENCY = YES;
				SWIFT_EMIT_LOC_STRINGS = NO;
				SWIFT_UPCOMING_FEATURE_MEMBER_IMPORT_VISIBILITY = YES;
				SWIFT_VERSION = 5.0;
				TARGETED_DEVICE_FAMILY = "1,2,7";
				TEST_TARGET_NAME = "The Bible";
				XROS_DEPLOYMENT_TARGET = 26.0;
			};
			name = Release;
		};
/* End XCBuildConfiguration section */

/* Begin XCConfigurationList section */
		2C3B0F682EB14F3D0089556C /* Build configuration list for PBXProject "The Bible" */ = {
			isa = XCConfigurationList;
			buildConfigurations = (
				2C3B0F942EB14F3E0089556C /* Debug */,
				2C3B0F952EB14F3E0089556C /* Release */,
			);
			defaultConfigurationIsVisible = 0;
			defaultConfigurationName = Release;
		};
		2C3B0F912EB14F3E0089556C /* Build configuration list for PBXNativeTarget "The Bible" */ = {
			isa = XCConfigurationList;
			buildConfigurations = (
				2C3B0F922EB14F3E0089556C /* Debug */,
				2C3B0F932EB14F3E0089556C /* Release */,
			);
			defaultConfigurationIsVisible = 0;
			defaultConfigurationName = Release;
		};
		2C3B0F962EB14F3E0089556C /* Build configuration list for PBXNativeTarget "The BibleTests" */ = {
			isa = XCConfigurationList;
			buildConfigurations = (
				2C3B0F972EB14F3E0089556C /* Debug */,
				2C3B0F982EB14F3E0089556C /* Release */,
			);
			defaultConfigurationIsVisible = 0;
			defaultConfigurationName = Release;
		};
		2C3B0F992EB14F3E0089556C /* Build configuration list for PBXNativeTarget "The BibleUITests" */ = {
			isa = XCConfigurationList;
			buildConfigurations = (
				2C3B0F9A2EB14F3E0089556C /* Debug */,
				2C3B0F9B2EB14F3E0089556C /* Release */,
			);
			defaultConfigurationIsVisible = 0;
			defaultConfigurationName = Release;
		};
/* End XCConfigurationList section */
	};
	rootObject = 2C3B0F652EB14F3D0089556C /* Project object */;
}
