// !$*UTF8*$!
{
	archiveVersion = 1;
	classes = {
	};
	objectVersion = 77;
	objects = {

/* Begin PBXBuildFile section */
		2C275BC02EC0B9350015B5E1 /* TheBibleApp-UserGuide.rtf in Resources */ = {isa = PBXBuildFile; fileRef = 2C275BBF2EC0B9350015B5E1 /* TheBibleApp-UserGuide.rtf */; };
		2C49CF462EBE10000006FF79 /* HomeView.swift in Sources */ = {isa = PBXBuildFile; fileRef = 2CB56D972EB3895400A657FA /* HomeView.swift */; };
		2C49CF472EBE10070006FF79 /* Toast.swift in Sources */ = {isa = PBXBuildFile; fileRef = 2CB56DEF2EB3942900A657FA /* Toast.swift */; };
		2C49CF482EBE100D0006FF79 /* Note.swift in Sources */ = {isa = PBXBuildFile; fileRef = 2C7841382EB407C0008DDBBF /* Note.swift */; };
		2C49CF4A2EBE101C0006FF79 /* NotesModel.swift in Sources */ = {isa = PBXBuildFile; fileRef = 2C320B492EB4093F003814A6 /* NotesModel.swift */; };
		2C49CF4C2EBE10260006FF79 /* QuizView.swift in Sources */ = {isa = PBXBuildFile; fileRef = 2CB677102EB56EB000E609B5 /* QuizView.swift */; };
		2C49CF4D2EBE10310006FF79 /* BibleSplitView.swift in Sources */ = {isa = PBXBuildFile; fileRef = 2C736D082EB9899600CD2E6F /* BibleSplitView.swift */; };
		2C49CF4E2EBE10310006FF79 /* BeatTheClockGameView.swift in Sources */ = {isa = PBXBuildFile; fileRef = 2C82F4DE2EBBB31000DB40FC /* BeatTheClockGameView.swift */; };
		2C49CF4F2EBE10310006FF79 /* HealthKitManager.swift in Sources */ = {isa = PBXBuildFile; fileRef = 2CB677C32EB67F1400E609B5 /* HealthKitManager.swift */; };
		2C49CF502EBE10310006FF79 /* HangmanGameView.swift in Sources */ = {isa = PBXBuildFile; fileRef = 2CD4572C2EB9025D003CB315 /* HangmanGameView.swift */; };
		2C49CF512EBE10310006FF79 /* BookSelectionLink.swift in Sources */ = {isa = PBXBuildFile; fileRef = 2C82F4852EBACCE600DB40FC /* BookSelectionLink.swift */; };
		2C49CF522EBE10310006FF79 /* ShareText.swift in Sources */ = {isa = PBXBuildFile; fileRef = 2C82F4DC2EBB944B00DB40FC /* ShareText.swift */; };
		2C49CF532EBE10310006FF79 /* NavigationCoordinator.swift in Sources */ = {isa = PBXBuildFile; fileRef = 2C279D012EBCC62C0023C46B /* NavigationCoordinator.swift */; };
		2C49CF542EBE10310006FF79 /* Route.swift in Sources */ = {isa = PBXBuildFile; fileRef = 2C279CFF2EBCC62A0023C46B /* Route.swift */; };
		2C49CF552EBE10310006FF79 /* TimerSound.swift in Sources */ = {isa = PBXBuildFile; fileRef = 2CF6F1702EB83C2100E59640 /* TimerSound.swift */; };
		2C49CF562EBE10310006FF79 /* SegmentedPicker.swift in Sources */ = {isa = PBXBuildFile; fileRef = 2CD4579A2EB93C72003CB315 /* SegmentedPicker.swift */; };
		2C49CF572EBE10310006FF79 /* GamesView.swift in Sources */ = {isa = PBXBuildFile; fileRef = 2CD457282EB8FFCE003CB315 /* GamesView.swift */; };
		2C49CF582EBE10310006FF79 /* ReferenceMatchGameView.swift in Sources */ = {isa = PBXBuildFile; fileRef = 2CD4572E2EB90410003CB315 /* ReferenceMatchGameView.swift */; };
		2C49CF602EBE16090006FF79 /* WidgetKit.framework in Frameworks */ = {isa = PBXBuildFile; fileRef = 2C49CF5F2EBE16090006FF79 /* WidgetKit.framework */; };
		2C49CF622EBE16090006FF79 /* SwiftUI.framework in Frameworks */ = {isa = PBXBuildFile; fileRef = 2C49CF612EBE16090006FF79 /* SwiftUI.framework */; };
		2C49CF732EBE160A0006FF79 /* The Bible WidgetsExtension.appex in Embed Foundation Extensions */ = {isa = PBXBuildFile; fileRef = 2C49CF5D2EBE16090006FF79 /* The Bible WidgetsExtension.appex */; settings = {ATTRIBUTES = (RemoveHeadersOnCopy, ); }; };
		2C49CF7F2EBE27AE0006FF79 /* PrayerTimerAttributes.swift in Sources */ = {isa = PBXBuildFile; fileRef = 2C49CF7E2EBE27AE0006FF79 /* PrayerTimerAttributes.swift */; };
		2C49CF802EBE27C40006FF79 /* PrayerTimerAttributes.swift in Sources */ = {isa = PBXBuildFile; fileRef = 2C49CF7E2EBE27AE0006FF79 /* PrayerTimerAttributes.swift */; };
		2C49CF822EBE27D40006FF79 /* PrayerTimerActivityController.swift in Sources */ = {isa = PBXBuildFile; fileRef = 2C49CF812EBE27D40006FF79 /* PrayerTimerActivityController.swift */; };
		2C49CF832EBE28250006FF79 /* PrayerTimerActivityController.swift in Sources */ = {isa = PBXBuildFile; fileRef = 2C49CF812EBE27D40006FF79 /* PrayerTimerActivityController.swift */; };
		2C49CF852EBE2E940006FF79 /* StopwatchAttributes.swift in Sources */ = {isa = PBXBuildFile; fileRef = 2C49CF842EBE2E940006FF79 /* StopwatchAttributes.swift */; };
		2C49CF872EBE2E9C0006FF79 /* StopwatchActivityController.swift in Sources */ = {isa = PBXBuildFile; fileRef = 2C49CF862EBE2E9C0006FF79 /* StopwatchActivityController.swift */; };
		2C49CF892EBE2EA30006FF79 /* StopwatchLiveActivity.swift in Sources */ = {isa = PBXBuildFile; fileRef = 2C49CF882EBE2EA30006FF79 /* StopwatchLiveActivity.swift */; };
		2C49CF8A2EBE2EC40006FF79 /* StopwatchAttributes.swift in Sources */ = {isa = PBXBuildFile; fileRef = 2C49CF842EBE2E940006FF79 /* StopwatchAttributes.swift */; };
		2C49CF8B2EBE31CB0006FF79 /* StopwatchLiveActivity.swift in Sources */ = {isa = PBXBuildFile; fileRef = 2C49CF882EBE2EA30006FF79 /* StopwatchLiveActivity.swift */; };
		2C49CF8D2EBE33010006FF79 /* StopwatchActivityIntents.swift in Sources */ = {isa = PBXBuildFile; fileRef = 2C49CF8C2EBE33010006FF79 /* StopwatchActivityIntents.swift */; };
		2C49CF932EBE4D540006FF79 /* RefreshVerseOfDayIntent.swift in Sources */ = {isa = PBXBuildFile; fileRef = 2C49CF922EBE4D540006FF79 /* RefreshVerseOfDayIntent.swift */; };
		2CB309D32EC2CE2D0032CB7D /* BibleReferenceLinker.swift in Sources */ = {isa = PBXBuildFile; fileRef = 2CB309D22EC2CE2D0032CB7D /* BibleReferenceLinker.swift */; };
/* End PBXBuildFile section */

/* Begin PBXContainerItemProxy section */
		2C3B0F7F2EB14F3E0089556C /* PBXContainerItemProxy */ = {
			isa = PBXContainerItemProxy;
			containerPortal = 2C3B0F652EB14F3D0089556C /* Project object */;
			proxyType = 1;
			remoteGlobalIDString = 2C3B0F6C2EB14F3D0089556C;
			remoteInfo = "The Bible";
		};
		2C3B0F892EB14F3E0089556C /* PBXContainerItemProxy */ = {
			isa = PBXContainerItemProxy;
			containerPortal = 2C3B0F652EB14F3D0089556C /* Project object */;
			proxyType = 1;
			remoteGlobalIDString = 2C3B0F6C2EB14F3D0089556C;
			remoteInfo = "The Bible";
		};
		2C49CF112EBE0F6D0006FF79 /* PBXContainerItemProxy */ = {
			isa = PBXContainerItemProxy;
			containerPortal = 2C3B0F652EB14F3D0089556C /* Project object */;
			proxyType = 1;
			remoteGlobalIDString = 2C49CEFF2EBE0F6C0006FF79;
			remoteInfo = "The Bible (iOS)";
		};
		2C49CF1B2EBE0F6D0006FF79 /* PBXContainerItemProxy */ = {
			isa = PBXContainerItemProxy;
			containerPortal = 2C3B0F652EB14F3D0089556C /* Project object */;
			proxyType = 1;
			remoteGlobalIDString = 2C49CEFF2EBE0F6C0006FF79;
			remoteInfo = "The Bible (iOS)";
		};
		2C49CF712EBE160A0006FF79 /* PBXContainerItemProxy */ = {
			isa = PBXContainerItemProxy;
			containerPortal = 2C3B0F652EB14F3D0089556C /* Project object */;
			proxyType = 1;
			remoteGlobalIDString = 2C49CF5C2EBE16090006FF79;
			remoteInfo = "The Bible WidgetsExtension";
		};
/* End PBXContainerItemProxy section */

/* Begin PBXCopyFilesBuildPhase section */
		2C49CF782EBE160A0006FF79 /* Embed Foundation Extensions */ = {
			isa = PBXCopyFilesBuildPhase;
			buildActionMask = 2147483647;
			dstPath = "";
			dstSubfolderSpec = 13;
			files = (
				2C49CF732EBE160A0006FF79 /* The Bible WidgetsExtension.appex in Embed Foundation Extensions */,
			);
			name = "Embed Foundation Extensions";
			runOnlyForDeploymentPostprocessing = 0;
		};
/* End PBXCopyFilesBuildPhase section */

/* Begin PBXFileReference section */
		2C275BBF2EC0B9350015B5E1 /* TheBibleApp-UserGuide.rtf */ = {isa = PBXFileReference; lastKnownFileType = text.rtf; path = "TheBibleApp-UserGuide.rtf"; sourceTree = "<group>"; };
		2C279CFF2EBCC62A0023C46B /* Route.swift */ = {isa = PBXFileReference; lastKnownFileType = sourcecode.swift; path = Route.swift; sourceTree = "<group>"; };
		2C279D012EBCC62C0023C46B /* NavigationCoordinator.swift */ = {isa = PBXFileReference; lastKnownFileType = sourcecode.swift; path = NavigationCoordinator.swift; sourceTree = "<group>"; };
		2C320B492EB4093F003814A6 /* NotesModel.swift */ = {isa = PBXFileReference; lastKnownFileType = sourcecode.swift; path = NotesModel.swift; sourceTree = "<group>"; };
		2C3B0F6D2EB14F3D0089556C /* The Bible.app */ = {isa = PBXFileReference; explicitFileType = wrapper.application; includeInIndex = 0; path = "The Bible.app"; sourceTree = BUILT_PRODUCTS_DIR; };
		2C3B0F7E2EB14F3E0089556C /* The BibleTests.xctest */ = {isa = PBXFileReference; explicitFileType = wrapper.cfbundle; includeInIndex = 0; path = "The BibleTests.xctest"; sourceTree = BUILT_PRODUCTS_DIR; };
		2C3B0F882EB14F3E0089556C /* The BibleUITests.xctest */ = {isa = PBXFileReference; explicitFileType = wrapper.cfbundle; includeInIndex = 0; path = "The BibleUITests.xctest"; sourceTree = BUILT_PRODUCTS_DIR; };
		2C49CF002EBE0F6C0006FF79 /* Bible.app */ = {isa = PBXFileReference; explicitFileType = wrapper.application; includeInIndex = 0; path = Bible.app; sourceTree = BUILT_PRODUCTS_DIR; };
		2C49CF102EBE0F6D0006FF79 /* The Bible (iOS)Tests.xctest */ = {isa = PBXFileReference; explicitFileType = wrapper.cfbundle; includeInIndex = 0; path = "The Bible (iOS)Tests.xctest"; sourceTree = BUILT_PRODUCTS_DIR; };
		2C49CF1A2EBE0F6D0006FF79 /* The Bible (iOS)UITests.xctest */ = {isa = PBXFileReference; explicitFileType = wrapper.cfbundle; includeInIndex = 0; path = "The Bible (iOS)UITests.xctest"; sourceTree = BUILT_PRODUCTS_DIR; };
		2C49CF5D2EBE16090006FF79 /* The Bible WidgetsExtension.appex */ = {isa = PBXFileReference; explicitFileType = "wrapper.app-extension"; includeInIndex = 0; path = "The Bible WidgetsExtension.appex"; sourceTree = BUILT_PRODUCTS_DIR; };
		2C49CF5F2EBE16090006FF79 /* WidgetKit.framework */ = {isa = PBXFileReference; lastKnownFileType = wrapper.framework; name = WidgetKit.framework; path = System/Library/Frameworks/WidgetKit.framework; sourceTree = SDKROOT; };
		2C49CF612EBE16090006FF79 /* SwiftUI.framework */ = {isa = PBXFileReference; lastKnownFileType = wrapper.framework; name = SwiftUI.framework; path = System/Library/Frameworks/SwiftUI.framework; sourceTree = SDKROOT; };
		2C49CF7E2EBE27AE0006FF79 /* PrayerTimerAttributes.swift */ = {isa = PBXFileReference; lastKnownFileType = sourcecode.swift; path = PrayerTimerAttributes.swift; sourceTree = "<group>"; };
		2C49CF812EBE27D40006FF79 /* PrayerTimerActivityController.swift */ = {isa = PBXFileReference; lastKnownFileType = sourcecode.swift; path = PrayerTimerActivityController.swift; sourceTree = "<group>"; };
		2C49CF842EBE2E940006FF79 /* StopwatchAttributes.swift */ = {isa = PBXFileReference; lastKnownFileType = sourcecode.swift; path = StopwatchAttributes.swift; sourceTree = "<group>"; };
		2C49CF862EBE2E9C0006FF79 /* StopwatchActivityController.swift */ = {isa = PBXFileReference; lastKnownFileType = sourcecode.swift; path = StopwatchActivityController.swift; sourceTree = "<group>"; };
		2C49CF882EBE2EA30006FF79 /* StopwatchLiveActivity.swift */ = {isa = PBXFileReference; lastKnownFileType = sourcecode.swift; path = StopwatchLiveActivity.swift; sourceTree = "<group>"; };
		2C49CF8C2EBE33010006FF79 /* StopwatchActivityIntents.swift */ = {isa = PBXFileReference; lastKnownFileType = sourcecode.swift; path = StopwatchActivityIntents.swift; sourceTree = "<group>"; };
		2C49CF922EBE4D540006FF79 /* RefreshVerseOfDayIntent.swift */ = {isa = PBXFileReference; lastKnownFileType = sourcecode.swift; path = RefreshVerseOfDayIntent.swift; sourceTree = "<group>"; };
		2C736D082EB9899600CD2E6F /* BibleSplitView.swift */ = {isa = PBXFileReference; lastKnownFileType = sourcecode.swift; path = BibleSplitView.swift; sourceTree = "<group>"; };
		2C7841382EB407C0008DDBBF /* Note.swift */ = {isa = PBXFileReference; lastKnownFileType = sourcecode.swift; path = Note.swift; sourceTree = "<group>"; };
		2C82F4852EBACCE600DB40FC /* BookSelectionLink.swift */ = {isa = PBXFileReference; lastKnownFileType = sourcecode.swift; path = BookSelectionLink.swift; sourceTree = "<group>"; };
		2C82F4DC2EBB944B00DB40FC /* ShareText.swift */ = {isa = PBXFileReference; lastKnownFileType = sourcecode.swift; path = ShareText.swift; sourceTree = "<group>"; };
		2C82F4DE2EBBB31000DB40FC /* BeatTheClockGameView.swift */ = {isa = PBXFileReference; lastKnownFileType = sourcecode.swift; path = BeatTheClockGameView.swift; sourceTree = "<group>"; };
		2CB309D22EC2CE2D0032CB7D /* BibleReferenceLinker.swift */ = {isa = PBXFileReference; lastKnownFileType = sourcecode.swift; path = BibleReferenceLinker.swift; sourceTree = "<group>"; };
		2CB56D3D2EB3830D00A657FA /* Bookmark.swift */ = {isa = PBXFileReference; lastKnownFileType = sourcecode.swift; path = Bookmark.swift; sourceTree = "<group>"; };
		2CB56D972EB3895400A657FA /* HomeView.swift */ = {isa = PBXFileReference; lastKnownFileType = sourcecode.swift; path = HomeView.swift; sourceTree = "<group>"; };
		2CB56DEF2EB3942900A657FA /* Toast.swift */ = {isa = PBXFileReference; lastKnownFileType = sourcecode.swift; path = Toast.swift; sourceTree = "<group>"; };
		2CB677102EB56EB000E609B5 /* QuizView.swift */ = {isa = PBXFileReference; lastKnownFileType = sourcecode.swift; path = QuizView.swift; sourceTree = "<group>"; };
		2CB677C32EB67F1400E609B5 /* HealthKitManager.swift */ = {isa = PBXFileReference; lastKnownFileType = sourcecode.swift; path = HealthKitManager.swift; sourceTree = "<group>"; };
		2CB677DA2EB680AE00E609B5 /* BibleTests.xctest */ = {isa = PBXFileReference; explicitFileType = wrapper.cfbundle; includeInIndex = 0; path = BibleTests.xctest; sourceTree = BUILT_PRODUCTS_DIR; };
		2CB677E42EB680AE00E609B5 /* BibleUITests.xctest */ = {isa = PBXFileReference; explicitFileType = wrapper.cfbundle; includeInIndex = 0; path = BibleUITests.xctest; sourceTree = BUILT_PRODUCTS_DIR; };
		2CD457282EB8FFCE003CB315 /* GamesView.swift */ = {isa = PBXFileReference; lastKnownFileType = sourcecode.swift; path = GamesView.swift; sourceTree = "<group>"; };
		2CD4572C2EB9025D003CB315 /* HangmanGameView.swift */ = {isa = PBXFileReference; lastKnownFileType = sourcecode.swift; path = HangmanGameView.swift; sourceTree = "<group>"; };
		2CD4572E2EB90410003CB315 /* ReferenceMatchGameView.swift */ = {isa = PBXFileReference; lastKnownFileType = sourcecode.swift; path = ReferenceMatchGameView.swift; sourceTree = "<group>"; };
		2CD4579A2EB93C72003CB315 /* SegmentedPicker.swift */ = {isa = PBXFileReference; lastKnownFileType = sourcecode.swift; path = SegmentedPicker.swift; sourceTree = "<group>"; };
		2CEA02D52EBE677900039D4B /* The Bible WidgetsExtension.entitlements */ = {isa = PBXFileReference; lastKnownFileType = text.plist.entitlements; path = "The Bible WidgetsExtension.entitlements"; sourceTree = "<group>"; };
		2CF6F1702EB83C2100E59640 /* TimerSound.swift */ = {isa = PBXFileReference; lastKnownFileType = sourcecode.swift; path = TimerSound.swift; sourceTree = "<group>"; };
/* End PBXFileReference section */

/* Begin PBXFileSystemSynchronizedBuildFileExceptionSet section */
		2C49CF282EBE0F6D0006FF79 /* Exceptions for "The Bible (iOS)" folder in "The Bible (iOS)" target */ = {
			isa = PBXFileSystemSynchronizedBuildFileExceptionSet;
			membershipExceptions = (
				Info.plist,
			);
			target = 2C49CEFF2EBE0F6C0006FF79 /* The Bible (iOS) */;
		};
		2C49CF772EBE160A0006FF79 /* Exceptions for "The Bible Widgets" folder in "The Bible WidgetsExtension" target */ = {
			isa = PBXFileSystemSynchronizedBuildFileExceptionSet;
			membershipExceptions = (
				Info.plist,
			);
			target = 2C49CF5C2EBE16090006FF79 /* The Bible WidgetsExtension */;
		};
		2C49CF7D2EBE1A030006FF79 /* Exceptions for "The Bible" folder in "The Bible (iOS)" target */ = {
			isa = PBXFileSystemSynchronizedBuildFileExceptionSet;
			membershipExceptions = (
				Info.plist,
			);
			target = 2C49CEFF2EBE0F6C0006FF79 /* The Bible (iOS) */;
		};
/* End PBXFileSystemSynchronizedBuildFileExceptionSet section */

/* Begin PBXFileSystemSynchronizedRootGroup section */
		2C3B0F6F2EB14F3D0089556C /* The Bible */ = {
			isa = PBXFileSystemSynchronizedRootGroup;
			exceptions = (
				2C49CF7D2EBE1A030006FF79 /* Exceptions for "The Bible" folder in "The Bible (iOS)" target */,
			);
			path = "The Bible";
			sourceTree = "<group>";
		};
		2C3B0F812EB14F3E0089556C /* The BibleTests */ = {
			isa = PBXFileSystemSynchronizedRootGroup;
			path = "The BibleTests";
			sourceTree = "<group>";
		};
		2C3B0F8B2EB14F3E0089556C /* The BibleUITests */ = {
			isa = PBXFileSystemSynchronizedRootGroup;
			path = "The BibleUITests";
			sourceTree = "<group>";
		};
		2C49CF012EBE0F6C0006FF79 /* The Bible (iOS) */ = {
			isa = PBXFileSystemSynchronizedRootGroup;
			exceptions = (
				2C49CF282EBE0F6D0006FF79 /* Exceptions for "The Bible (iOS)" folder in "The Bible (iOS)" target */,
			);
			path = "The Bible (iOS)";
			sourceTree = "<group>";
		};
		2C49CF132EBE0F6D0006FF79 /* The Bible (iOS)Tests */ = {
			isa = PBXFileSystemSynchronizedRootGroup;
			path = "The Bible (iOS)Tests";
			sourceTree = "<group>";
		};
		2C49CF1D2EBE0F6D0006FF79 /* The Bible (iOS)UITests */ = {
			isa = PBXFileSystemSynchronizedRootGroup;
			path = "The Bible (iOS)UITests";
			sourceTree = "<group>";
		};
		2C49CF632EBE16090006FF79 /* The Bible Widgets */ = {
			isa = PBXFileSystemSynchronizedRootGroup;
			exceptions = (
				2C49CF772EBE160A0006FF79 /* Exceptions for "The Bible Widgets" folder in "The Bible WidgetsExtension" target */,
			);
			path = "The Bible Widgets";
			sourceTree = "<group>";
		};
/* End PBXFileSystemSynchronizedRootGroup section */

/* Begin PBXFrameworksBuildPhase section */
		2C3B0F6A2EB14F3D0089556C /* Frameworks */ = {
			isa = PBXFrameworksBuildPhase;
			buildActionMask = 2147483647;
			files = (
			);
			runOnlyForDeploymentPostprocessing = 0;
		};
		2C3B0F7B2EB14F3E0089556C /* Frameworks */ = {
			isa = PBXFrameworksBuildPhase;
			buildActionMask = 2147483647;
			files = (
			);
			runOnlyForDeploymentPostprocessing = 0;
		};
		2C3B0F852EB14F3E0089556C /* Frameworks */ = {
			isa = PBXFrameworksBuildPhase;
			buildActionMask = 2147483647;
			files = (
			);
			runOnlyForDeploymentPostprocessing = 0;
		};
		2C49CEFD2EBE0F6C0006FF79 /* Frameworks */ = {
			isa = PBXFrameworksBuildPhase;
			buildActionMask = 2147483647;
			files = (
			);
			runOnlyForDeploymentPostprocessing = 0;
		};
		2C49CF0D2EBE0F6D0006FF79 /* Frameworks */ = {
			isa = PBXFrameworksBuildPhase;
			buildActionMask = 2147483647;
			files = (
			);
			runOnlyForDeploymentPostprocessing = 0;
		};
		2C49CF172EBE0F6D0006FF79 /* Frameworks */ = {
			isa = PBXFrameworksBuildPhase;
			buildActionMask = 2147483647;
			files = (
			);
			runOnlyForDeploymentPostprocessing = 0;
		};
		2C49CF5A2EBE16090006FF79 /* Frameworks */ = {
			isa = PBXFrameworksBuildPhase;
			buildActionMask = 2147483647;
			files = (
				2C49CF622EBE16090006FF79 /* SwiftUI.framework in Frameworks */,
				2C49CF602EBE16090006FF79 /* WidgetKit.framework in Frameworks */,
			);
			runOnlyForDeploymentPostprocessing = 0;
		};
		2CB677D72EB680AE00E609B5 /* Frameworks */ = {
			isa = PBXFrameworksBuildPhase;
			buildActionMask = 2147483647;
			files = (
			);
			runOnlyForDeploymentPostprocessing = 0;
		};
		2CB677E12EB680AE00E609B5 /* Frameworks */ = {
			isa = PBXFrameworksBuildPhase;
			buildActionMask = 2147483647;
			files = (
			);
			runOnlyForDeploymentPostprocessing = 0;
		};
/* End PBXFrameworksBuildPhase section */

/* Begin PBXGroup section */
		2C3B0F642EB14F3D0089556C = {
			isa = PBXGroup;
			children = (
				2CEA02D52EBE677900039D4B /* The Bible WidgetsExtension.entitlements */,
				2C3B0F6F2EB14F3D0089556C /* The Bible */,
				2C3B0F812EB14F3E0089556C /* The BibleTests */,
				2C3B0F8B2EB14F3E0089556C /* The BibleUITests */,
				2C49CF012EBE0F6C0006FF79 /* The Bible (iOS) */,
				2C49CF132EBE0F6D0006FF79 /* The Bible (iOS)Tests */,
				2C49CF1D2EBE0F6D0006FF79 /* The Bible (iOS)UITests */,
				2C49CF632EBE16090006FF79 /* The Bible Widgets */,
				2C49CF5E2EBE16090006FF79 /* Frameworks */,
				2C3B0F6E2EB14F3D0089556C /* Products */,
				2CB56D3D2EB3830D00A657FA /* Bookmark.swift */,
				2CB56D972EB3895400A657FA /* HomeView.swift */,
				2CB56DEF2EB3942900A657FA /* Toast.swift */,
				2C7841382EB407C0008DDBBF /* Note.swift */,
				2C320B492EB4093F003814A6 /* NotesModel.swift */,
				2CB677102EB56EB000E609B5 /* QuizView.swift */,
				2CB677C32EB67F1400E609B5 /* HealthKitManager.swift */,
				2CF6F1702EB83C2100E59640 /* TimerSound.swift */,
				2CD457282EB8FFCE003CB315 /* GamesView.swift */,
				2CD4572C2EB9025D003CB315 /* HangmanGameView.swift */,
				2CD4572E2EB90410003CB315 /* ReferenceMatchGameView.swift */,
				2CD4579A2EB93C72003CB315 /* SegmentedPicker.swift */,
				2C736D082EB9899600CD2E6F /* BibleSplitView.swift */,
				2C82F4852EBACCE600DB40FC /* BookSelectionLink.swift */,
				2C82F4DC2EBB944B00DB40FC /* ShareText.swift */,
				2C82F4DE2EBBB31000DB40FC /* BeatTheClockGameView.swift */,
				2C279CFF2EBCC62A0023C46B /* Route.swift */,
				2C49CF7E2EBE27AE0006FF79 /* PrayerTimerAttributes.swift */,
				2C49CF812EBE27D40006FF79 /* PrayerTimerActivityController.swift */,
				2C279D012EBCC62C0023C46B /* NavigationCoordinator.swift */,
				2C49CF842EBE2E940006FF79 /* StopwatchAttributes.swift */,
				2C49CF862EBE2E9C0006FF79 /* StopwatchActivityController.swift */,
				2C49CF882EBE2EA30006FF79 /* StopwatchLiveActivity.swift */,
				2C49CF8C2EBE33010006FF79 /* StopwatchActivityIntents.swift */,
				2C49CF922EBE4D540006FF79 /* RefreshVerseOfDayIntent.swift */,
				2C275BBF2EC0B9350015B5E1 /* TheBibleApp-UserGuide.rtf */,
				2CB309D22EC2CE2D0032CB7D /* BibleReferenceLinker.swift */,
			);
			sourceTree = "<group>";
		};
		2C3B0F6E2EB14F3D0089556C /* Products */ = {
			isa = PBXGroup;
			children = (
				2C3B0F6D2EB14F3D0089556C /* The Bible.app */,
				2C3B0F7E2EB14F3E0089556C /* The BibleTests.xctest */,
				2C3B0F882EB14F3E0089556C /* The BibleUITests.xctest */,
				2CB677DA2EB680AE00E609B5 /* BibleTests.xctest */,
				2CB677E42EB680AE00E609B5 /* BibleUITests.xctest */,
				2C49CF002EBE0F6C0006FF79 /* Bible.app */,
				2C49CF102EBE0F6D0006FF79 /* The Bible (iOS)Tests.xctest */,
				2C49CF1A2EBE0F6D0006FF79 /* The Bible (iOS)UITests.xctest */,
				2C49CF5D2EBE16090006FF79 /* The Bible WidgetsExtension.appex */,
			);
			name = Products;
			sourceTree = "<group>";
		};
		2C49CF5E2EBE16090006FF79 /* Frameworks */ = {
			isa = PBXGroup;
			children = (
				2C49CF5F2EBE16090006FF79 /* WidgetKit.framework */,
				2C49CF612EBE16090006FF79 /* SwiftUI.framework */,
			);
			name = Frameworks;
			sourceTree = "<group>";
		};
/* End PBXGroup section */

/* Begin PBXNativeTarget section */
		2C3B0F6C2EB14F3D0089556C /* The Bible */ = {
			isa = PBXNativeTarget;
			buildConfigurationList = 2C3B0F912EB14F3E0089556C /* Build configuration list for PBXNativeTarget "The Bible" */;
			buildPhases = (
				2C3B0F692EB14F3D0089556C /* Sources */,
				2C3B0F6A2EB14F3D0089556C /* Frameworks */,
				2C3B0F6B2EB14F3D0089556C /* Resources */,
			);
			buildRules = (
			);
			dependencies = (
			);
			name = "The Bible";
			packageProductDependencies = (
			);
			productName = "The Bible";
			productReference = 2C3B0F6D2EB14F3D0089556C /* The Bible.app */;
			productType = "com.apple.product-type.application";
		};
		2C3B0F7D2EB14F3E0089556C /* The BibleTests */ = {
			isa = PBXNativeTarget;
			buildConfigurationList = 2C3B0F962EB14F3E0089556C /* Build configuration list for PBXNativeTarget "The BibleTests" */;
			buildPhases = (
				2C3B0F7A2EB14F3E0089556C /* Sources */,
				2C3B0F7B2EB14F3E0089556C /* Frameworks */,
				2C3B0F7C2EB14F3E0089556C /* Resources */,
			);
			buildRules = (
			);
			dependencies = (
				2C3B0F802EB14F3E0089556C /* PBXTargetDependency */,
			);
			fileSystemSynchronizedGroups = (
				2C3B0F812EB14F3E0089556C /* The BibleTests */,
			);
			name = "The BibleTests";
			packageProductDependencies = (
			);
			productName = "The BibleTests";
			productReference = 2C3B0F7E2EB14F3E0089556C /* The BibleTests.xctest */;
			productType = "com.apple.product-type.bundle.unit-test";
		};
		2C3B0F872EB14F3E0089556C /* The BibleUITests */ = {
			isa = PBXNativeTarget;
			buildConfigurationList = 2C3B0F992EB14F3E0089556C /* Build configuration list for PBXNativeTarget "The BibleUITests" */;
			buildPhases = (
				2C3B0F842EB14F3E0089556C /* Sources */,
				2C3B0F852EB14F3E0089556C /* Frameworks */,
				2C3B0F862EB14F3E0089556C /* Resources */,
			);
			buildRules = (
			);
			dependencies = (
				2C3B0F8A2EB14F3E0089556C /* PBXTargetDependency */,
			);
			fileSystemSynchronizedGroups = (
				2C3B0F8B2EB14F3E0089556C /* The BibleUITests */,
			);
			name = "The BibleUITests";
			packageProductDependencies = (
			);
			productName = "The BibleUITests";
			productReference = 2C3B0F882EB14F3E0089556C /* The BibleUITests.xctest */;
			productType = "com.apple.product-type.bundle.ui-testing";
		};
		2C49CEFF2EBE0F6C0006FF79 /* The Bible (iOS) */ = {
			isa = PBXNativeTarget;
			buildConfigurationList = 2C49CF292EBE0F6D0006FF79 /* Build configuration list for PBXNativeTarget "The Bible (iOS)" */;
			buildPhases = (
				2C49CEFC2EBE0F6C0006FF79 /* Sources */,
				2C49CEFD2EBE0F6C0006FF79 /* Frameworks */,
				2C49CEFE2EBE0F6C0006FF79 /* Resources */,
				2C49CF782EBE160A0006FF79 /* Embed Foundation Extensions */,
			);
			buildRules = (
			);
			dependencies = (
				2C49CF722EBE160A0006FF79 /* PBXTargetDependency */,
			);
			fileSystemSynchronizedGroups = (
				2C3B0F6F2EB14F3D0089556C /* The Bible */,
				2C49CF012EBE0F6C0006FF79 /* The Bible (iOS) */,
			);
			name = "The Bible (iOS)";
			packageProductDependencies = (
			);
			productName = "The Bible (iOS)";
			productReference = 2C49CF002EBE0F6C0006FF79 /* Bible.app */;
			productType = "com.apple.product-type.application";
		};
		2C49CF0F2EBE0F6D0006FF79 /* The Bible (iOS)Tests */ = {
			isa = PBXNativeTarget;
			buildConfigurationList = 2C49CF2A2EBE0F6D0006FF79 /* Build configuration list for PBXNativeTarget "The Bible (iOS)Tests" */;
			buildPhases = (
				2C49CF0C2EBE0F6D0006FF79 /* Sources */,
				2C49CF0D2EBE0F6D0006FF79 /* Frameworks */,
				2C49CF0E2EBE0F6D0006FF79 /* Resources */,
			);
			buildRules = (
			);
			dependencies = (
				2C49CF122EBE0F6D0006FF79 /* PBXTargetDependency */,
			);
			fileSystemSynchronizedGroups = (
				2C49CF132EBE0F6D0006FF79 /* The Bible (iOS)Tests */,
			);
			name = "The Bible (iOS)Tests";
			packageProductDependencies = (
			);
			productName = "The Bible (iOS)Tests";
			productReference = 2C49CF102EBE0F6D0006FF79 /* The Bible (iOS)Tests.xctest */;
			productType = "com.apple.product-type.bundle.unit-test";
		};
		2C49CF192EBE0F6D0006FF79 /* The Bible (iOS)UITests */ = {
			isa = PBXNativeTarget;
			buildConfigurationList = 2C49CF2B2EBE0F6D0006FF79 /* Build configuration list for PBXNativeTarget "The Bible (iOS)UITests" */;
			buildPhases = (
				2C49CF162EBE0F6D0006FF79 /* Sources */,
				2C49CF172EBE0F6D0006FF79 /* Frameworks */,
				2C49CF182EBE0F6D0006FF79 /* Resources */,
			);
			buildRules = (
			);
			dependencies = (
				2C49CF1C2EBE0F6D0006FF79 /* PBXTargetDependency */,
			);
			fileSystemSynchronizedGroups = (
				2C49CF1D2EBE0F6D0006FF79 /* The Bible (iOS)UITests */,
			);
			name = "The Bible (iOS)UITests";
			packageProductDependencies = (
			);
			productName = "The Bible (iOS)UITests";
			productReference = 2C49CF1A2EBE0F6D0006FF79 /* The Bible (iOS)UITests.xctest */;
			productType = "com.apple.product-type.bundle.ui-testing";
		};
		2C49CF5C2EBE16090006FF79 /* The Bible WidgetsExtension */ = {
			isa = PBXNativeTarget;
			buildConfigurationList = 2C49CF742EBE160A0006FF79 /* Build configuration list for PBXNativeTarget "The Bible WidgetsExtension" */;
			buildPhases = (
				2C49CF592EBE16090006FF79 /* Sources */,
				2C49CF5A2EBE16090006FF79 /* Frameworks */,
				2C49CF5B2EBE16090006FF79 /* Resources */,
			);
			buildRules = (
			);
			dependencies = (
			);
			fileSystemSynchronizedGroups = (
				2C49CF632EBE16090006FF79 /* The Bible Widgets */,
			);
			name = "The Bible WidgetsExtension";
			packageProductDependencies = (
			);
			productName = "The Bible WidgetsExtension";
			productReference = 2C49CF5D2EBE16090006FF79 /* The Bible WidgetsExtension.appex */;
			productType = "com.apple.product-type.app-extension";
		};
		2CB677D92EB680AE00E609B5 /* BibleTests */ = {
			isa = PBXNativeTarget;
			buildConfigurationList = 2CB677F02EB680AE00E609B5 /* Build configuration list for PBXNativeTarget "BibleTests" */;
			buildPhases = (
				2CB677D62EB680AE00E609B5 /* Sources */,
				2CB677D72EB680AE00E609B5 /* Frameworks */,
				2CB677D82EB680AE00E609B5 /* Resources */,
			);
			buildRules = (
			);
			dependencies = (
			);
			name = BibleTests;
			packageProductDependencies = (
			);
			productName = BibleTests;
			productReference = 2CB677DA2EB680AE00E609B5 /* BibleTests.xctest */;
			productType = "com.apple.product-type.bundle.unit-test";
		};
		2CB677E32EB680AE00E609B5 /* BibleUITests */ = {
			isa = PBXNativeTarget;
			buildConfigurationList = 2CB677F32EB680AE00E609B5 /* Build configuration list for PBXNativeTarget "BibleUITests" */;
			buildPhases = (
				2CB677E02EB680AE00E609B5 /* Sources */,
				2CB677E12EB680AE00E609B5 /* Frameworks */,
				2CB677E22EB680AE00E609B5 /* Resources */,
			);
			buildRules = (
			);
			dependencies = (
			);
			name = BibleUITests;
			packageProductDependencies = (
			);
			productName = BibleUITests;
			productReference = 2CB677E42EB680AE00E609B5 /* BibleUITests.xctest */;
			productType = "com.apple.product-type.bundle.ui-testing";
		};
/* End PBXNativeTarget section */

/* Begin PBXProject section */
		2C3B0F652EB14F3D0089556C /* Project object */ = {
			isa = PBXProject;
			attributes = {
				BuildIndependentTargetsInParallel = 1;
				LastSwiftUpdateCheck = 2600;
				LastUpgradeCheck = 2600;
				TargetAttributes = {
					2C3B0F6C2EB14F3D0089556C = {
						CreatedOnToolsVersion = 26.0.1;
					};
					2C3B0F7D2EB14F3E0089556C = {
						CreatedOnToolsVersion = 26.0.1;
						TestTargetID = 2C3B0F6C2EB14F3D0089556C;
					};
					2C3B0F872EB14F3E0089556C = {
						CreatedOnToolsVersion = 26.0.1;
						TestTargetID = 2C3B0F6C2EB14F3D0089556C;
					};
					2C49CEFF2EBE0F6C0006FF79 = {
						CreatedOnToolsVersion = 26.0.1;
					};
					2C49CF0F2EBE0F6D0006FF79 = {
						CreatedOnToolsVersion = 26.0.1;
						TestTargetID = 2C49CEFF2EBE0F6C0006FF79;
					};
					2C49CF192EBE0F6D0006FF79 = {
						CreatedOnToolsVersion = 26.0.1;
						TestTargetID = 2C49CEFF2EBE0F6C0006FF79;
					};
					2C49CF5C2EBE16090006FF79 = {
						CreatedOnToolsVersion = 26.0.1;
					};
					2CB677D92EB680AE00E609B5 = {
						CreatedOnToolsVersion = 26.0.1;
						TestTargetID = 2CB677C92EB680AC00E609B5;
					};
					2CB677E32EB680AE00E609B5 = {
						CreatedOnToolsVersion = 26.0.1;
						TestTargetID = 2CB677C92EB680AC00E609B5;
					};
				};
			};
			buildConfigurationList = 2C3B0F682EB14F3D0089556C /* Build configuration list for PBXProject "The Bible" */;
			developmentRegion = en;
			hasScannedForEncodings = 0;
			knownRegions = (
				en,
				Base,
			);
			mainGroup = 2C3B0F642EB14F3D0089556C;
			minimizedProjectReferenceProxies = 1;
			preferredProjectObjectVersion = 77;
			productRefGroup = 2C3B0F6E2EB14F3D0089556C /* Products */;
			projectDirPath = "";
			projectRoot = "";
			targets = (
				2C3B0F6C2EB14F3D0089556C /* The Bible */,
				2C3B0F7D2EB14F3E0089556C /* The BibleTests */,
				2C3B0F872EB14F3E0089556C /* The BibleUITests */,
				2CB677D92EB680AE00E609B5 /* BibleTests */,
				2CB677E32EB680AE00E609B5 /* BibleUITests */,
				2C49CEFF2EBE0F6C0006FF79 /* The Bible (iOS) */,
				2C49CF0F2EBE0F6D0006FF79 /* The Bible (iOS)Tests */,
				2C49CF192EBE0F6D0006FF79 /* The Bible (iOS)UITests */,
				2C49CF5C2EBE16090006FF79 /* The Bible WidgetsExtension */,
			);
		};
/* End PBXProject section */

/* Begin PBXResourcesBuildPhase section */
		2C3B0F6B2EB14F3D0089556C /* Resources */ = {
			isa = PBXResourcesBuildPhase;
			buildActionMask = 2147483647;
			files = (
			);
			runOnlyForDeploymentPostprocessing = 0;
		};
		2C3B0F7C2EB14F3E0089556C /* Resources */ = {
			isa = PBXResourcesBuildPhase;
			buildActionMask = 2147483647;
			files = (
			);
			runOnlyForDeploymentPostprocessing = 0;
		};
		2C3B0F862EB14F3E0089556C /* Resources */ = {
			isa = PBXResourcesBuildPhase;
			buildActionMask = 2147483647;
			files = (
			);
			runOnlyForDeploymentPostprocessing = 0;
		};
		2C49CEFE2EBE0F6C0006FF79 /* Resources */ = {
			isa = PBXResourcesBuildPhase;
			buildActionMask = 2147483647;
			files = (
				2C275BC02EC0B9350015B5E1 /* TheBibleApp-UserGuide.rtf in Resources */,
			);
			runOnlyForDeploymentPostprocessing = 0;
		};
		2C49CF0E2EBE0F6D0006FF79 /* Resources */ = {
			isa = PBXResourcesBuildPhase;
			buildActionMask = 2147483647;
			files = (
			);
			runOnlyForDeploymentPostprocessing = 0;
		};
		2C49CF182EBE0F6D0006FF79 /* Resources */ = {
			isa = PBXResourcesBuildPhase;
			buildActionMask = 2147483647;
			files = (
			);
			runOnlyForDeploymentPostprocessing = 0;
		};
		2C49CF5B2EBE16090006FF79 /* Resources */ = {
			isa = PBXResourcesBuildPhase;
			buildActionMask = 2147483647;
			files = (
			);
			runOnlyForDeploymentPostprocessing = 0;
		};
		2CB677D82EB680AE00E609B5 /* Resources */ = {
			isa = PBXResourcesBuildPhase;
			buildActionMask = 2147483647;
			files = (
			);
			runOnlyForDeploymentPostprocessing = 0;
		};
		2CB677E22EB680AE00E609B5 /* Resources */ = {
			isa = PBXResourcesBuildPhase;
			buildActionMask = 2147483647;
			files = (
			);
			runOnlyForDeploymentPostprocessing = 0;
		};
/* End PBXResourcesBuildPhase section */

/* Begin PBXSourcesBuildPhase section */
		2C3B0F692EB14F3D0089556C /* Sources */ = {
			isa = PBXSourcesBuildPhase;
			buildActionMask = 2147483647;
			files = (
			);
			runOnlyForDeploymentPostprocessing = 0;
		};
		2C3B0F7A2EB14F3E0089556C /* Sources */ = {
			isa = PBXSourcesBuildPhase;
			buildActionMask = 2147483647;
			files = (
			);
			runOnlyForDeploymentPostprocessing = 0;
		};
		2C3B0F842EB14F3E0089556C /* Sources */ = {
			isa = PBXSourcesBuildPhase;
			buildActionMask = 2147483647;
			files = (
			);
			runOnlyForDeploymentPostprocessing = 0;
		};
		2C49CEFC2EBE0F6C0006FF79 /* Sources */ = {
			isa = PBXSourcesBuildPhase;
			buildActionMask = 2147483647;
			files = (
				2C49CF482EBE100D0006FF79 /* Note.swift in Sources */,
				2C49CF852EBE2E940006FF79 /* StopwatchAttributes.swift in Sources */,
				2C49CF892EBE2EA30006FF79 /* StopwatchLiveActivity.swift in Sources */,
				2C49CF8D2EBE33010006FF79 /* StopwatchActivityIntents.swift in Sources */,
				2C49CF7F2EBE27AE0006FF79 /* PrayerTimerAttributes.swift in Sources */,
				2C49CF4C2EBE10260006FF79 /* QuizView.swift in Sources */,
				2C49CF4D2EBE10310006FF79 /* BibleSplitView.swift in Sources */,
				2C49CF4E2EBE10310006FF79 /* BeatTheClockGameView.swift in Sources */,
				2C49CF4F2EBE10310006FF79 /* HealthKitManager.swift in Sources */,
				2C49CF502EBE10310006FF79 /* HangmanGameView.swift in Sources */,
				2C49CF512EBE10310006FF79 /* BookSelectionLink.swift in Sources */,
				2C49CF522EBE10310006FF79 /* ShareText.swift in Sources */,
				2C49CF872EBE2E9C0006FF79 /* StopwatchActivityController.swift in Sources */,
				2C49CF822EBE27D40006FF79 /* PrayerTimerActivityController.swift in Sources */,
				2C49CF532EBE10310006FF79 /* NavigationCoordinator.swift in Sources */,
				2C49CF542EBE10310006FF79 /* Route.swift in Sources */,
				2C49CF552EBE10310006FF79 /* TimerSound.swift in Sources */,
				2C49CF562EBE10310006FF79 /* SegmentedPicker.swift in Sources */,
				2C49CF572EBE10310006FF79 /* GamesView.swift in Sources */,
				2C49CF582EBE10310006FF79 /* ReferenceMatchGameView.swift in Sources */,
				2C49CF4A2EBE101C0006FF79 /* NotesModel.swift in Sources */,
				2C49CF932EBE4D540006FF79 /* RefreshVerseOfDayIntent.swift in Sources */,
				2C49CF462EBE10000006FF79 /* HomeView.swift in Sources */,
				2C49CF472EBE10070006FF79 /* Toast.swift in Sources */,
				2CB309D32EC2CE2D0032CB7D /* BibleReferenceLinker.swift in Sources */,
			);
			runOnlyForDeploymentPostprocessing = 0;
		};
		2C49CF0C2EBE0F6D0006FF79 /* Sources */ = {
			isa = PBXSourcesBuildPhase;
			buildActionMask = 2147483647;
			files = (
			);
			runOnlyForDeploymentPostprocessing = 0;
		};
		2C49CF162EBE0F6D0006FF79 /* Sources */ = {
			isa = PBXSourcesBuildPhase;
			buildActionMask = 2147483647;
			files = (
			);
			runOnlyForDeploymentPostprocessing = 0;
		};
		2C49CF592EBE16090006FF79 /* Sources */ = {
			isa = PBXSourcesBuildPhase;
			buildActionMask = 2147483647;
			files = (
				2C49CF832EBE28250006FF79 /* PrayerTimerActivityController.swift in Sources */,
				2C49CF802EBE27C40006FF79 /* PrayerTimerAttributes.swift in Sources */,
				2C49CF8A2EBE2EC40006FF79 /* StopwatchAttributes.swift in Sources */,
				2C49CF8B2EBE31CB0006FF79 /* StopwatchLiveActivity.swift in Sources */,
			);
			runOnlyForDeploymentPostprocessing = 0;
		};
		2CB677D62EB680AE00E609B5 /* Sources */ = {
			isa = PBXSourcesBuildPhase;
			buildActionMask = 2147483647;
			files = (
			);
			runOnlyForDeploymentPostprocessing = 0;
		};
		2CB677E02EB680AE00E609B5 /* Sources */ = {
			isa = PBXSourcesBuildPhase;
			buildActionMask = 2147483647;
			files = (
			);
			runOnlyForDeploymentPostprocessing = 0;
		};
/* End PBXSourcesBuildPhase section */

/* Begin PBXTargetDependency section */
		2C3B0F802EB14F3E0089556C /* PBXTargetDependency */ = {
			isa = PBXTargetDependency;
			target = 2C3B0F6C2EB14F3D0089556C /* The Bible */;
			targetProxy = 2C3B0F7F2EB14F3E0089556C /* PBXContainerItemProxy */;
		};
		2C3B0F8A2EB14F3E0089556C /* PBXTargetDependency */ = {
			isa = PBXTargetDependency;
			target = 2C3B0F6C2EB14F3D0089556C /* The Bible */;
			targetProxy = 2C3B0F892EB14F3E0089556C /* PBXContainerItemProxy */;
		};
		2C49CF122EBE0F6D0006FF79 /* PBXTargetDependency */ = {
			isa = PBXTargetDependency;
			target = 2C49CEFF2EBE0F6C0006FF79 /* The Bible (iOS) */;
			targetProxy = 2C49CF112EBE0F6D0006FF79 /* PBXContainerItemProxy */;
		};
		2C49CF1C2EBE0F6D0006FF79 /* PBXTargetDependency */ = {
			isa = PBXTargetDependency;
			target = 2C49CEFF2EBE0F6C0006FF79 /* The Bible (iOS) */;
			targetProxy = 2C49CF1B2EBE0F6D0006FF79 /* PBXContainerItemProxy */;
		};
		2C49CF722EBE160A0006FF79 /* PBXTargetDependency */ = {
			isa = PBXTargetDependency;
			target = 2C49CF5C2EBE16090006FF79 /* The Bible WidgetsExtension */;
			targetProxy = 2C49CF712EBE160A0006FF79 /* PBXContainerItemProxy */;
		};
/* End PBXTargetDependency section */

/* Begin XCBuildConfiguration section */
		2C3B0F922EB14F3E0089556C /* Debug */ = {
			isa = XCBuildConfiguration;
			buildSettings = {
				ASSETCATALOG_COMPILER_APPICON_NAME = AppIcon;
				ASSETCATALOG_COMPILER_GLOBAL_ACCENT_COLOR_NAME = AccentColor;
				CODE_SIGN_ENTITLEMENTS = "The Bible/The Bible.entitlements";
				CODE_SIGN_STYLE = Automatic;
				CURRENT_PROJECT_VERSION = 1;
				DEVELOPMENT_TEAM = ZKG79M599K;
				ENABLE_APP_SANDBOX = YES;
				ENABLE_HARDENED_RUNTIME = YES;
				ENABLE_PREVIEWS = YES;
				ENABLE_USER_SELECTED_FILES = readonly;
				GENERATE_INFOPLIST_FILE = YES;
				INFOPLIST_FILE = "The Bible/Info.plist";
				INFOPLIST_KEY_LSApplicationCategoryType = "public.app-category.reference";
				INFOPLIST_KEY_NSHealthShareUsageDescription = "To log time in the app as Mindful minutes in the Health App";
				INFOPLIST_KEY_NSHealthUpdateUsageDescription = "Spending time in God's Word is VITAL to our relationship with Him! This app logs your time spent in the app as mindfulness minutes which can be found in your Health app. Try for at least 1 hour per day.";
				INFOPLIST_KEY_NSHomeKitUsageDescription = "";
				"INFOPLIST_KEY_UIApplicationSceneManifest_Generation[sdk=iphoneos*]" = YES;
				"INFOPLIST_KEY_UIApplicationSceneManifest_Generation[sdk=iphonesimulator*]" = YES;
				"INFOPLIST_KEY_UIApplicationSupportsIndirectInputEvents[sdk=iphoneos*]" = YES;
				"INFOPLIST_KEY_UIApplicationSupportsIndirectInputEvents[sdk=iphonesimulator*]" = YES;
				"INFOPLIST_KEY_UILaunchScreen_Generation[sdk=iphoneos*]" = YES;
				"INFOPLIST_KEY_UILaunchScreen_Generation[sdk=iphonesimulator*]" = YES;
				"INFOPLIST_KEY_UIStatusBarStyle[sdk=iphoneos*]" = UIStatusBarStyleDefault;
				"INFOPLIST_KEY_UIStatusBarStyle[sdk=iphonesimulator*]" = UIStatusBarStyleDefault;
				INFOPLIST_KEY_UISupportedInterfaceOrientations_iPad = "UIInterfaceOrientationPortrait UIInterfaceOrientationPortraitUpsideDown UIInterfaceOrientationLandscapeLeft UIInterfaceOrientationLandscapeRight";
				INFOPLIST_KEY_UISupportedInterfaceOrientations_iPhone = "UIInterfaceOrientationPortrait UIInterfaceOrientationLandscapeLeft UIInterfaceOrientationLandscapeRight";
				IPHONEOS_DEPLOYMENT_TARGET = 26.0;
				LD_RUNPATH_SEARCH_PATHS = "@executable_path/Frameworks";
				"LD_RUNPATH_SEARCH_PATHS[sdk=macosx*]" = "@executable_path/../Frameworks";
				MACOSX_DEPLOYMENT_TARGET = 26.0;
				MARKETING_VERSION = 1.10;
				PRODUCT_BUNDLE_IDENTIFIER = "Creecy.The-Bible";
				PRODUCT_NAME = "$(TARGET_NAME)";
				REGISTER_APP_GROUPS = YES;
				SDKROOT = auto;
				STRING_CATALOG_GENERATE_SYMBOLS = YES;
				SUPPORTED_PLATFORMS = "iphoneos iphonesimulator macosx xros xrsimulator";
				SWIFT_APPROACHABLE_CONCURRENCY = YES;
				SWIFT_DEFAULT_ACTOR_ISOLATION = MainActor;
				SWIFT_EMIT_LOC_STRINGS = YES;
				SWIFT_UPCOMING_FEATURE_MEMBER_IMPORT_VISIBILITY = YES;
				SWIFT_VERSION = 5.0;
				TARGETED_DEVICE_FAMILY = "1,2,7";
				XROS_DEPLOYMENT_TARGET = 26.0;
			};
			name = Debug;
		};
		2C3B0F932EB14F3E0089556C /* Release */ = {
			isa = XCBuildConfiguration;
			buildSettings = {
				ASSETCATALOG_COMPILER_APPICON_NAME = AppIcon;
				ASSETCATALOG_COMPILER_GLOBAL_ACCENT_COLOR_NAME = AccentColor;
				CODE_SIGN_ENTITLEMENTS = "The Bible/The Bible.entitlements";
				CODE_SIGN_STYLE = Automatic;
				CURRENT_PROJECT_VERSION = 1;
				DEVELOPMENT_TEAM = ZKG79M599K;
				ENABLE_APP_SANDBOX = YES;
				ENABLE_HARDENED_RUNTIME = YES;
				ENABLE_PREVIEWS = YES;
				ENABLE_USER_SELECTED_FILES = readonly;
				GENERATE_INFOPLIST_FILE = YES;
				INFOPLIST_FILE = "The Bible/Info.plist";
				INFOPLIST_KEY_LSApplicationCategoryType = "public.app-category.reference";
				INFOPLIST_KEY_NSHealthShareUsageDescription = "To log time in the app as Mindful minutes in the Health App";
				INFOPLIST_KEY_NSHealthUpdateUsageDescription = "Spending time in God's Word is VITAL to our relationship with Him! This app logs your time spent in the app as mindfulness minutes which can be found in your Health app. Try for at least 1 hour per day.";
				INFOPLIST_KEY_NSHomeKitUsageDescription = "";
				"INFOPLIST_KEY_UIApplicationSceneManifest_Generation[sdk=iphoneos*]" = YES;
				"INFOPLIST_KEY_UIApplicationSceneManifest_Generation[sdk=iphonesimulator*]" = YES;
				"INFOPLIST_KEY_UIApplicationSupportsIndirectInputEvents[sdk=iphoneos*]" = YES;
				"INFOPLIST_KEY_UIApplicationSupportsIndirectInputEvents[sdk=iphonesimulator*]" = YES;
				"INFOPLIST_KEY_UILaunchScreen_Generation[sdk=iphoneos*]" = YES;
				"INFOPLIST_KEY_UILaunchScreen_Generation[sdk=iphonesimulator*]" = YES;
				"INFOPLIST_KEY_UIStatusBarStyle[sdk=iphoneos*]" = UIStatusBarStyleDefault;
				"INFOPLIST_KEY_UIStatusBarStyle[sdk=iphonesimulator*]" = UIStatusBarStyleDefault;
				INFOPLIST_KEY_UISupportedInterfaceOrientations_iPad = "UIInterfaceOrientationPortrait UIInterfaceOrientationPortraitUpsideDown UIInterfaceOrientationLandscapeLeft UIInterfaceOrientationLandscapeRight";
				INFOPLIST_KEY_UISupportedInterfaceOrientations_iPhone = "UIInterfaceOrientationPortrait UIInterfaceOrientationLandscapeLeft UIInterfaceOrientationLandscapeRight";
				IPHONEOS_DEPLOYMENT_TARGET = 26.0;
				LD_RUNPATH_SEARCH_PATHS = "@executable_path/Frameworks";
				"LD_RUNPATH_SEARCH_PATHS[sdk=macosx*]" = "@executable_path/../Frameworks";
				MACOSX_DEPLOYMENT_TARGET = 26.0;
				MARKETING_VERSION = 1.10;
				PRODUCT_BUNDLE_IDENTIFIER = "Creecy.The-Bible";
				PRODUCT_NAME = "$(TARGET_NAME)";
				REGISTER_APP_GROUPS = YES;
				SDKROOT = auto;
				STRING_CATALOG_GENERATE_SYMBOLS = YES;
				SUPPORTED_PLATFORMS = "iphoneos iphonesimulator macosx xros xrsimulator";
				SWIFT_APPROACHABLE_CONCURRENCY = YES;
				SWIFT_DEFAULT_ACTOR_ISOLATION = MainActor;
				SWIFT_EMIT_LOC_STRINGS = YES;
				SWIFT_UPCOMING_FEATURE_MEMBER_IMPORT_VISIBILITY = YES;
				SWIFT_VERSION = 5.0;
				TARGETED_DEVICE_FAMILY = "1,2,7";
				XROS_DEPLOYMENT_TARGET = 26.0;
			};
			name = Release;
		};
		2C3B0F942EB14F3E0089556C /* Debug */ = {
			isa = XCBuildConfiguration;
			buildSettings = {
				ALWAYS_SEARCH_USER_PATHS = NO;
				ASSETCATALOG_COMPILER_GENERATE_SWIFT_ASSET_SYMBOL_EXTENSIONS = YES;
				CLANG_ANALYZER_NONNULL = YES;
				CLANG_ANALYZER_NUMBER_OBJECT_CONVERSION = YES_AGGRESSIVE;
				CLANG_CXX_LANGUAGE_STANDARD = "gnu++20";
				CLANG_ENABLE_MODULES = YES;
				CLANG_ENABLE_OBJC_ARC = YES;
				CLANG_ENABLE_OBJC_WEAK = YES;
				CLANG_WARN_BLOCK_CAPTURE_AUTORELEASING = YES;
				CLANG_WARN_BOOL_CONVERSION = YES;
				CLANG_WARN_COMMA = YES;
				CLANG_WARN_CONSTANT_CONVERSION = YES;
				CLANG_WARN_DEPRECATED_OBJC_IMPLEMENTATIONS = YES;
				CLANG_WARN_DIRECT_OBJC_ISA_USAGE = YES_ERROR;
				CLANG_WARN_DOCUMENTATION_COMMENTS = YES;
				CLANG_WARN_EMPTY_BODY = YES;
				CLANG_WARN_ENUM_CONVERSION = YES;
				CLANG_WARN_INFINITE_RECURSION = YES;
				CLANG_WARN_INT_CONVERSION = YES;
				CLANG_WARN_NON_LITERAL_NULL_CONVERSION = YES;
				CLANG_WARN_OBJC_IMPLICIT_RETAIN_SELF = YES;
				CLANG_WARN_OBJC_LITERAL_CONVERSION = YES;
				CLANG_WARN_OBJC_ROOT_CLASS = YES_ERROR;
				CLANG_WARN_QUOTED_INCLUDE_IN_FRAMEWORK_HEADER = YES;
				CLANG_WARN_RANGE_LOOP_ANALYSIS = YES;
				CLANG_WARN_STRICT_PROTOTYPES = YES;
				CLANG_WARN_SUSPICIOUS_MOVE = YES;
				CLANG_WARN_UNGUARDED_AVAILABILITY = YES_AGGRESSIVE;
				CLANG_WARN_UNREACHABLE_CODE = YES;
				CLANG_WARN__DUPLICATE_METHOD_MATCH = YES;
				COPY_PHASE_STRIP = NO;
				DEBUG_INFORMATION_FORMAT = dwarf;
				DEVELOPMENT_TEAM = ZKG79M599K;
				ENABLE_STRICT_OBJC_MSGSEND = YES;
				ENABLE_TESTABILITY = YES;
				ENABLE_USER_SCRIPT_SANDBOXING = YES;
				GCC_C_LANGUAGE_STANDARD = gnu17;
				GCC_DYNAMIC_NO_PIC = NO;
				GCC_NO_COMMON_BLOCKS = YES;
				GCC_OPTIMIZATION_LEVEL = 0;
				GCC_PREPROCESSOR_DEFINITIONS = (
					"DEBUG=1",
					"$(inherited)",
				);
				GCC_WARN_64_TO_32_BIT_CONVERSION = YES;
				GCC_WARN_ABOUT_RETURN_TYPE = YES_ERROR;
				GCC_WARN_UNDECLARED_SELECTOR = YES;
				GCC_WARN_UNINITIALIZED_AUTOS = YES_AGGRESSIVE;
				GCC_WARN_UNUSED_FUNCTION = YES;
				GCC_WARN_UNUSED_VARIABLE = YES;
				LOCALIZATION_PREFERS_STRING_CATALOGS = YES;
				MTL_ENABLE_DEBUG_INFO = INCLUDE_SOURCE;
				MTL_FAST_MATH = YES;
				ONLY_ACTIVE_ARCH = YES;
				SWIFT_ACTIVE_COMPILATION_CONDITIONS = "DEBUG $(inherited)";
				SWIFT_OPTIMIZATION_LEVEL = "-Onone";
			};
			name = Debug;
		};
		2C3B0F952EB14F3E0089556C /* Release */ = {
			isa = XCBuildConfiguration;
			buildSettings = {
				ALWAYS_SEARCH_USER_PATHS = NO;
				ASSETCATALOG_COMPILER_GENERATE_SWIFT_ASSET_SYMBOL_EXTENSIONS = YES;
				CLANG_ANALYZER_NONNULL = YES;
				CLANG_ANALYZER_NUMBER_OBJECT_CONVERSION = YES_AGGRESSIVE;
				CLANG_CXX_LANGUAGE_STANDARD = "gnu++20";
				CLANG_ENABLE_MODULES = YES;
				CLANG_ENABLE_OBJC_ARC = YES;
				CLANG_ENABLE_OBJC_WEAK = YES;
				CLANG_WARN_BLOCK_CAPTURE_AUTORELEASING = YES;
				CLANG_WARN_BOOL_CONVERSION = YES;
				CLANG_WARN_COMMA = YES;
				CLANG_WARN_CONSTANT_CONVERSION = YES;
				CLANG_WARN_DEPRECATED_OBJC_IMPLEMENTATIONS = YES;
				CLANG_WARN_DIRECT_OBJC_ISA_USAGE = YES_ERROR;
				CLANG_WARN_DOCUMENTATION_COMMENTS = YES;
				CLANG_WARN_EMPTY_BODY = YES;
				CLANG_WARN_ENUM_CONVERSION = YES;
				CLANG_WARN_INFINITE_RECURSION = YES;
				CLANG_WARN_INT_CONVERSION = YES;
				CLANG_WARN_NON_LITERAL_NULL_CONVERSION = YES;
				CLANG_WARN_OBJC_IMPLICIT_RETAIN_SELF = YES;
				CLANG_WARN_OBJC_LITERAL_CONVERSION = YES;
				CLANG_WARN_OBJC_ROOT_CLASS = YES_ERROR;
				CLANG_WARN_QUOTED_INCLUDE_IN_FRAMEWORK_HEADER = YES;
				CLANG_WARN_RANGE_LOOP_ANALYSIS = YES;
				CLANG_WARN_STRICT_PROTOTYPES = YES;
				CLANG_WARN_SUSPICIOUS_MOVE = YES;
				CLANG_WARN_UNGUARDED_AVAILABILITY = YES_AGGRESSIVE;
				CLANG_WARN_UNREACHABLE_CODE = YES;
				CLANG_WARN__DUPLICATE_METHOD_MATCH = YES;
				COPY_PHASE_STRIP = NO;
				DEBUG_INFORMATION_FORMAT = "dwarf-with-dsym";
				DEVELOPMENT_TEAM = ZKG79M599K;
				ENABLE_NS_ASSERTIONS = NO;
				ENABLE_STRICT_OBJC_MSGSEND = YES;
				ENABLE_USER_SCRIPT_SANDBOXING = YES;
				GCC_C_LANGUAGE_STANDARD = gnu17;
				GCC_NO_COMMON_BLOCKS = YES;
				GCC_WARN_64_TO_32_BIT_CONVERSION = YES;
				GCC_WARN_ABOUT_RETURN_TYPE = YES_ERROR;
				GCC_WARN_UNDECLARED_SELECTOR = YES;
				GCC_WARN_UNINITIALIZED_AUTOS = YES_AGGRESSIVE;
				GCC_WARN_UNUSED_FUNCTION = YES;
				GCC_WARN_UNUSED_VARIABLE = YES;
				LOCALIZATION_PREFERS_STRING_CATALOGS = YES;
				MTL_ENABLE_DEBUG_INFO = NO;
				MTL_FAST_MATH = YES;
				SWIFT_COMPILATION_MODE = wholemodule;
			};
			name = Release;
		};
		2C3B0F972EB14F3E0089556C /* Debug */ = {
			isa = XCBuildConfiguration;
			buildSettings = {
				BUNDLE_LOADER = "$(TEST_HOST)";
				CODE_SIGN_STYLE = Automatic;
				CURRENT_PROJECT_VERSION = 1;
				DEVELOPMENT_TEAM = ZKG79M599K;
				GENERATE_INFOPLIST_FILE = YES;
				IPHONEOS_DEPLOYMENT_TARGET = 26.0;
				MACOSX_DEPLOYMENT_TARGET = 26.0;
				MARKETING_VERSION = 1.0;
				PRODUCT_BUNDLE_IDENTIFIER = "Creecy.The-BibleTests";
				PRODUCT_NAME = "$(TARGET_NAME)";
				SDKROOT = auto;
				STRING_CATALOG_GENERATE_SYMBOLS = NO;
				SUPPORTED_PLATFORMS = "iphoneos iphonesimulator macosx xros xrsimulator";
				SWIFT_APPROACHABLE_CONCURRENCY = YES;
				SWIFT_EMIT_LOC_STRINGS = NO;
				SWIFT_UPCOMING_FEATURE_MEMBER_IMPORT_VISIBILITY = YES;
				SWIFT_VERSION = 5.0;
				TARGETED_DEVICE_FAMILY = "1,2,7";
				TEST_HOST = "$(BUILT_PRODUCTS_DIR)/The Bible.app/$(BUNDLE_EXECUTABLE_FOLDER_PATH)/The Bible";
				XROS_DEPLOYMENT_TARGET = 26.0;
			};
			name = Debug;
		};
		2C3B0F982EB14F3E0089556C /* Release */ = {
			isa = XCBuildConfiguration;
			buildSettings = {
				BUNDLE_LOADER = "$(TEST_HOST)";
				CODE_SIGN_STYLE = Automatic;
				CURRENT_PROJECT_VERSION = 1;
				DEVELOPMENT_TEAM = ZKG79M599K;
				GENERATE_INFOPLIST_FILE = YES;
				IPHONEOS_DEPLOYMENT_TARGET = 26.0;
				MACOSX_DEPLOYMENT_TARGET = 26.0;
				MARKETING_VERSION = 1.0;
				PRODUCT_BUNDLE_IDENTIFIER = "Creecy.The-BibleTests";
				PRODUCT_NAME = "$(TARGET_NAME)";
				SDKROOT = auto;
				STRING_CATALOG_GENERATE_SYMBOLS = NO;
				SUPPORTED_PLATFORMS = "iphoneos iphonesimulator macosx xros xrsimulator";
				SWIFT_APPROACHABLE_CONCURRENCY = YES;
				SWIFT_EMIT_LOC_STRINGS = NO;
				SWIFT_UPCOMING_FEATURE_MEMBER_IMPORT_VISIBILITY = YES;
				SWIFT_VERSION = 5.0;
				TARGETED_DEVICE_FAMILY = "1,2,7";
				TEST_HOST = "$(BUILT_PRODUCTS_DIR)/The Bible.app/$(BUNDLE_EXECUTABLE_FOLDER_PATH)/The Bible";
				XROS_DEPLOYMENT_TARGET = 26.0;
			};
			name = Release;
		};
		2C3B0F9A2EB14F3E0089556C /* Debug */ = {
			isa = XCBuildConfiguration;
			buildSettings = {
				CODE_SIGN_STYLE = Automatic;
				CURRENT_PROJECT_VERSION = 1;
				DEVELOPMENT_TEAM = ZKG79M599K;
				GENERATE_INFOPLIST_FILE = YES;
				IPHONEOS_DEPLOYMENT_TARGET = 26.0;
				MACOSX_DEPLOYMENT_TARGET = 26.0;
				MARKETING_VERSION = 1.0;
				PRODUCT_BUNDLE_IDENTIFIER = "Creecy.The-BibleUITests";
				PRODUCT_NAME = "$(TARGET_NAME)";
				SDKROOT = auto;
				STRING_CATALOG_GENERATE_SYMBOLS = NO;
				SUPPORTED_PLATFORMS = "iphoneos iphonesimulator macosx xros xrsimulator";
				SWIFT_APPROACHABLE_CONCURRENCY = YES;
				SWIFT_EMIT_LOC_STRINGS = NO;
				SWIFT_UPCOMING_FEATURE_MEMBER_IMPORT_VISIBILITY = YES;
				SWIFT_VERSION = 5.0;
				TARGETED_DEVICE_FAMILY = "1,2,7";
				TEST_TARGET_NAME = "The Bible";
				XROS_DEPLOYMENT_TARGET = 26.0;
			};
			name = Debug;
		};
		2C3B0F9B2EB14F3E0089556C /* Release */ = {
			isa = XCBuildConfiguration;
			buildSettings = {
				CODE_SIGN_STYLE = Automatic;
				CURRENT_PROJECT_VERSION = 1;
				DEVELOPMENT_TEAM = ZKG79M599K;
				GENERATE_INFOPLIST_FILE = YES;
				IPHONEOS_DEPLOYMENT_TARGET = 26.0;
				MACOSX_DEPLOYMENT_TARGET = 26.0;
				MARKETING_VERSION = 1.0;
				PRODUCT_BUNDLE_IDENTIFIER = "Creecy.The-BibleUITests";
				PRODUCT_NAME = "$(TARGET_NAME)";
				SDKROOT = auto;
				STRING_CATALOG_GENERATE_SYMBOLS = NO;
				SUPPORTED_PLATFORMS = "iphoneos iphonesimulator macosx xros xrsimulator";
				SWIFT_APPROACHABLE_CONCURRENCY = YES;
				SWIFT_EMIT_LOC_STRINGS = NO;
				SWIFT_UPCOMING_FEATURE_MEMBER_IMPORT_VISIBILITY = YES;
				SWIFT_VERSION = 5.0;
				TARGETED_DEVICE_FAMILY = "1,2,7";
				TEST_TARGET_NAME = "The Bible";
				XROS_DEPLOYMENT_TARGET = 26.0;
			};
			name = Release;
		};
		2C49CF222EBE0F6D0006FF79 /* Debug */ = {
			isa = XCBuildConfiguration;
			buildSettings = {
				ASSETCATALOG_COMPILER_APPICON_NAME = AppIcon;
				ASSETCATALOG_COMPILER_GLOBAL_ACCENT_COLOR_NAME = AccentColor;
				CODE_SIGN_ENTITLEMENTS = "The Bible (iOS)/The_Bible__iOS_.entitlements";
				CODE_SIGN_STYLE = Automatic;
				CURRENT_PROJECT_VERSION = 1;
				DEVELOPMENT_TEAM = ZKG79M599K;
				ENABLE_PREVIEWS = YES;
				GENERATE_INFOPLIST_FILE = YES;
				INFOPLIST_FILE = "The Bible (iOS)/Info.plist";
				INFOPLIST_KEY_CFBundleDisplayName = Bible;
				INFOPLIST_KEY_LSApplicationCategoryType = "";
				INFOPLIST_KEY_NSHealthShareUsageDescription = "This app logs time in app as Mindful Minutes found in your Health app";
				INFOPLIST_KEY_NSHealthUpdateUsageDescription = "This app logs time in app to Mindful Minutes found in your Health app";
				INFOPLIST_KEY_UIApplicationSceneManifest_Generation = YES;
				INFOPLIST_KEY_UIApplicationSupportsIndirectInputEvents = YES;
				INFOPLIST_KEY_UILaunchScreen_Generation = YES;
				INFOPLIST_KEY_UISupportedInterfaceOrientations_iPad = "UIInterfaceOrientationPortrait UIInterfaceOrientationPortraitUpsideDown UIInterfaceOrientationLandscapeLeft UIInterfaceOrientationLandscapeRight";
				INFOPLIST_KEY_UISupportedInterfaceOrientations_iPhone = "UIInterfaceOrientationPortrait UIInterfaceOrientationLandscapeLeft UIInterfaceOrientationLandscapeRight";
				IPHONEOS_DEPLOYMENT_TARGET = 26.0;
				LD_RUNPATH_SEARCH_PATHS = (
					"$(inherited)",
					"@executable_path/Frameworks",
				);
				MARKETING_VERSION = 1.0;
				PRODUCT_BUNDLE_IDENTIFIER = "Creecy.iOS-Bible-App.Bible-iOS-App.The-Bible--iOS-";
				PRODUCT_NAME = Bible;
				SDKROOT = iphoneos;
				STRING_CATALOG_GENERATE_SYMBOLS = YES;
				SUPPORTED_PLATFORMS = "iphoneos iphonesimulator";
				SUPPORTS_MACCATALYST = NO;
				SUPPORTS_XR_DESIGNED_FOR_IPHONE_IPAD = NO;
				SWIFT_APPROACHABLE_CONCURRENCY = YES;
				SWIFT_DEFAULT_ACTOR_ISOLATION = MainActor;
				SWIFT_EMIT_LOC_STRINGS = YES;
				SWIFT_UPCOMING_FEATURE_MEMBER_IMPORT_VISIBILITY = YES;
				SWIFT_VERSION = 5.0;
				TARGETED_DEVICE_FAMILY = "1,2";
			};
			name = Debug;
		};
		2C49CF232EBE0F6D0006FF79 /* Release */ = {
			isa = XCBuildConfiguration;
			buildSettings = {
				ASSETCATALOG_COMPILER_APPICON_NAME = AppIcon;
				ASSETCATALOG_COMPILER_GLOBAL_ACCENT_COLOR_NAME = AccentColor;
				CODE_SIGN_ENTITLEMENTS = "The Bible (iOS)/The_Bible__iOS_.entitlements";
				CODE_SIGN_STYLE = Automatic;
				CURRENT_PROJECT_VERSION = 1;
				DEVELOPMENT_TEAM = ZKG79M599K;
				ENABLE_PREVIEWS = YES;
				GENERATE_INFOPLIST_FILE = YES;
				INFOPLIST_FILE = "The Bible (iOS)/Info.plist";
				INFOPLIST_KEY_CFBundleDisplayName = Bible;
				INFOPLIST_KEY_LSApplicationCategoryType = "";
				INFOPLIST_KEY_NSHealthShareUsageDescription = "This app logs time in app as Mindful Minutes found in your Health app";
				INFOPLIST_KEY_NSHealthUpdateUsageDescription = "This app logs time in app to Mindful Minutes found in your Health app";
				INFOPLIST_KEY_UIApplicationSceneManifest_Generation = YES;
				INFOPLIST_KEY_UIApplicationSupportsIndirectInputEvents = YES;
				INFOPLIST_KEY_UILaunchScreen_Generation = YES;
				INFOPLIST_KEY_UISupportedInterfaceOrientations_iPad = "UIInterfaceOrientationPortrait UIInterfaceOrientationPortraitUpsideDown UIInterfaceOrientationLandscapeLeft UIInterfaceOrientationLandscapeRight";
				INFOPLIST_KEY_UISupportedInterfaceOrientations_iPhone = "UIInterfaceOrientationPortrait UIInterfaceOrientationLandscapeLeft UIInterfaceOrientationLandscapeRight";
				IPHONEOS_DEPLOYMENT_TARGET = 26.0;
				LD_RUNPATH_SEARCH_PATHS = (
					"$(inherited)",
					"@executable_path/Frameworks",
				);
				MARKETING_VERSION = 1.0;
				PRODUCT_BUNDLE_IDENTIFIER = "Creecy.iOS-Bible-App.Bible-iOS-App.The-Bible--iOS-";
				PRODUCT_NAME = Bible;
				SDKROOT = iphoneos;
				STRING_CATALOG_GENERATE_SYMBOLS = YES;
				SUPPORTED_PLATFORMS = "iphoneos iphonesimulator";
				SUPPORTS_MACCATALYST = NO;
				SUPPORTS_XR_DESIGNED_FOR_IPHONE_IPAD = NO;
				SWIFT_APPROACHABLE_CONCURRENCY = YES;
				SWIFT_DEFAULT_ACTOR_ISOLATION = MainActor;
				SWIFT_EMIT_LOC_STRINGS = YES;
				SWIFT_UPCOMING_FEATURE_MEMBER_IMPORT_VISIBILITY = YES;
				SWIFT_VERSION = 5.0;
				TARGETED_DEVICE_FAMILY = "1,2";
				VALIDATE_PRODUCT = YES;
			};
			name = Release;
		};
		2C49CF242EBE0F6D0006FF79 /* Debug */ = {
			isa = XCBuildConfiguration;
			buildSettings = {
				BUNDLE_LOADER = "$(TEST_HOST)";
				CODE_SIGN_STYLE = Automatic;
				CURRENT_PROJECT_VERSION = 1;
				DEVELOPMENT_TEAM = ZKG79M599K;
				GENERATE_INFOPLIST_FILE = YES;
				IPHONEOS_DEPLOYMENT_TARGET = 26.0;
				MARKETING_VERSION = 1.0;
				PRODUCT_BUNDLE_IDENTIFIER = "Creecy.iOS-Bible-App.Bible-iOS-App.The-Bible--iOS-Tests";
				PRODUCT_NAME = "$(TARGET_NAME)";
				SDKROOT = iphoneos;
				STRING_CATALOG_GENERATE_SYMBOLS = NO;
				SWIFT_APPROACHABLE_CONCURRENCY = YES;
				SWIFT_EMIT_LOC_STRINGS = NO;
				SWIFT_UPCOMING_FEATURE_MEMBER_IMPORT_VISIBILITY = YES;
				SWIFT_VERSION = 5.0;
				TARGETED_DEVICE_FAMILY = "1,2";
				TEST_HOST = "$(BUILT_PRODUCTS_DIR)/The Bible (iOS).app/$(BUNDLE_EXECUTABLE_FOLDER_PATH)/The Bible (iOS)";
			};
			name = Debug;
		};
		2C49CF252EBE0F6D0006FF79 /* Release */ = {
			isa = XCBuildConfiguration;
			buildSettings = {
				BUNDLE_LOADER = "$(TEST_HOST)";
				CODE_SIGN_STYLE = Automatic;
				CURRENT_PROJECT_VERSION = 1;
				DEVELOPMENT_TEAM = ZKG79M599K;
				GENERATE_INFOPLIST_FILE = YES;
				IPHONEOS_DEPLOYMENT_TARGET = 26.0;
				MARKETING_VERSION = 1.0;
				PRODUCT_BUNDLE_IDENTIFIER = "Creecy.iOS-Bible-App.Bible-iOS-App.The-Bible--iOS-Tests";
				PRODUCT_NAME = "$(TARGET_NAME)";
				SDKROOT = iphoneos;
				STRING_CATALOG_GENERATE_SYMBOLS = NO;
				SWIFT_APPROACHABLE_CONCURRENCY = YES;
				SWIFT_EMIT_LOC_STRINGS = NO;
				SWIFT_UPCOMING_FEATURE_MEMBER_IMPORT_VISIBILITY = YES;
				SWIFT_VERSION = 5.0;
				TARGETED_DEVICE_FAMILY = "1,2";
				TEST_HOST = "$(BUILT_PRODUCTS_DIR)/The Bible (iOS).app/$(BUNDLE_EXECUTABLE_FOLDER_PATH)/The Bible (iOS)";
				VALIDATE_PRODUCT = YES;
			};
			name = Release;
		};
		2C49CF262EBE0F6D0006FF79 /* Debug */ = {
			isa = XCBuildConfiguration;
			buildSettings = {
				CODE_SIGN_STYLE = Automatic;
				CURRENT_PROJECT_VERSION = 1;
				DEVELOPMENT_TEAM = ZKG79M599K;
				GENERATE_INFOPLIST_FILE = YES;
				IPHONEOS_DEPLOYMENT_TARGET = 26.0;
				MARKETING_VERSION = 1.0;
				PRODUCT_BUNDLE_IDENTIFIER = "Creecy.iOS-Bible-App.Bible-iOS-App.The-Bible--iOS-UITests";
				PRODUCT_NAME = "$(TARGET_NAME)";
				SDKROOT = iphoneos;
				STRING_CATALOG_GENERATE_SYMBOLS = NO;
				SWIFT_APPROACHABLE_CONCURRENCY = YES;
				SWIFT_EMIT_LOC_STRINGS = NO;
				SWIFT_UPCOMING_FEATURE_MEMBER_IMPORT_VISIBILITY = YES;
				SWIFT_VERSION = 5.0;
				TARGETED_DEVICE_FAMILY = "1,2";
				TEST_TARGET_NAME = "The Bible (iOS)";
			};
			name = Debug;
		};
		2C49CF272EBE0F6D0006FF79 /* Release */ = {
			isa = XCBuildConfiguration;
			buildSettings = {
				CODE_SIGN_STYLE = Automatic;
				CURRENT_PROJECT_VERSION = 1;
				DEVELOPMENT_TEAM = ZKG79M599K;
				GENERATE_INFOPLIST_FILE = YES;
				IPHONEOS_DEPLOYMENT_TARGET = 26.0;
				MARKETING_VERSION = 1.0;
				PRODUCT_BUNDLE_IDENTIFIER = "Creecy.iOS-Bible-App.Bible-iOS-App.The-Bible--iOS-UITests";
				PRODUCT_NAME = "$(TARGET_NAME)";
				SDKROOT = iphoneos;
				STRING_CATALOG_GENERATE_SYMBOLS = NO;
				SWIFT_APPROACHABLE_CONCURRENCY = YES;
				SWIFT_EMIT_LOC_STRINGS = NO;
				SWIFT_UPCOMING_FEATURE_MEMBER_IMPORT_VISIBILITY = YES;
				SWIFT_VERSION = 5.0;
				TARGETED_DEVICE_FAMILY = "1,2";
				TEST_TARGET_NAME = "The Bible (iOS)";
				VALIDATE_PRODUCT = YES;
			};
			name = Release;
		};
		2C49CF752EBE160A0006FF79 /* Debug */ = {
			isa = XCBuildConfiguration;
			buildSettings = {
				ASSETCATALOG_COMPILER_GLOBAL_ACCENT_COLOR_NAME = AccentColor;
				ASSETCATALOG_COMPILER_WIDGET_BACKGROUND_COLOR_NAME = WidgetBackground;
				CODE_SIGN_ENTITLEMENTS = "The Bible WidgetsExtension.entitlements";
				CODE_SIGN_STYLE = Automatic;
				CURRENT_PROJECT_VERSION = 1;
				DEVELOPMENT_TEAM = ZKG79M599K;
				GENERATE_INFOPLIST_FILE = YES;
				INFOPLIST_FILE = "The Bible Widgets/Info.plist";
				INFOPLIST_KEY_CFBundleDisplayName = "The Bible Widgets";
				INFOPLIST_KEY_NSHumanReadableCopyright = "";
				IPHONEOS_DEPLOYMENT_TARGET = 26.0;
				LD_RUNPATH_SEARCH_PATHS = (
					"$(inherited)",
					"@executable_path/Frameworks",
					"@executable_path/../../Frameworks",
				);
				MARKETING_VERSION = 1.0;
				PRODUCT_BUNDLE_IDENTIFIER = "Creecy.iOS-Bible-App.Bible-iOS-App.The-Bible--iOS-.The-Bible-Widgets";
				PRODUCT_NAME = "$(TARGET_NAME)";
				SDKROOT = iphoneos;
				SKIP_INSTALL = YES;
				STRING_CATALOG_GENERATE_SYMBOLS = YES;
				SWIFT_APPROACHABLE_CONCURRENCY = YES;
				SWIFT_EMIT_LOC_STRINGS = YES;
				SWIFT_UPCOMING_FEATURE_MEMBER_IMPORT_VISIBILITY = YES;
				SWIFT_VERSION = 5.0;
				TARGETED_DEVICE_FAMILY = "1,2";
			};
			name = Debug;
		};
		2C49CF762EBE160A0006FF79 /* Release */ = {
			isa = XCBuildConfiguration;
			buildSettings = {
				ASSETCATALOG_COMPILER_GLOBAL_ACCENT_COLOR_NAME = AccentColor;
				ASSETCATALOG_COMPILER_WIDGET_BACKGROUND_COLOR_NAME = WidgetBackground;
				CODE_SIGN_ENTITLEMENTS = "The Bible WidgetsExtension.entitlements";
				CODE_SIGN_STYLE = Automatic;
				CURRENT_PROJECT_VERSION = 1;
				DEVELOPMENT_TEAM = ZKG79M599K;
				GENERATE_INFOPLIST_FILE = YES;
				INFOPLIST_FILE = "The Bible Widgets/Info.plist";
				INFOPLIST_KEY_CFBundleDisplayName = "The Bible Widgets";
				INFOPLIST_KEY_NSHumanReadableCopyright = "";
				IPHONEOS_DEPLOYMENT_TARGET = 26.0;
				LD_RUNPATH_SEARCH_PATHS = (
					"$(inherited)",
					"@executable_path/Frameworks",
					"@executable_path/../../Frameworks",
				);
				MARKETING_VERSION = 1.0;
				PRODUCT_BUNDLE_IDENTIFIER = "Creecy.iOS-Bible-App.Bible-iOS-App.The-Bible--iOS-.The-Bible-Widgets";
				PRODUCT_NAME = "$(TARGET_NAME)";
				SDKROOT = iphoneos;
				SKIP_INSTALL = YES;
				STRING_CATALOG_GENERATE_SYMBOLS = YES;
				SWIFT_APPROACHABLE_CONCURRENCY = YES;
				SWIFT_EMIT_LOC_STRINGS = YES;
				SWIFT_UPCOMING_FEATURE_MEMBER_IMPORT_VISIBILITY = YES;
				SWIFT_VERSION = 5.0;
				TARGETED_DEVICE_FAMILY = "1,2";
				VALIDATE_PRODUCT = YES;
			};
			name = Release;
		};
		2CB677F12EB680AE00E609B5 /* Debug */ = {
			isa = XCBuildConfiguration;
			buildSettings = {
				BUNDLE_LOADER = "$(TEST_HOST)";
				CODE_SIGN_STYLE = Automatic;
				CURRENT_PROJECT_VERSION = 1;
				DEVELOPMENT_TEAM = ZKG79M599K;
				GENERATE_INFOPLIST_FILE = YES;
				IPHONEOS_DEPLOYMENT_TARGET = 26.0;
				MARKETING_VERSION = 1.0;
				PRODUCT_BUNDLE_IDENTIFIER = Creecy.BibleTests;
				PRODUCT_NAME = "$(TARGET_NAME)";
				SDKROOT = iphoneos;
				STRING_CATALOG_GENERATE_SYMBOLS = NO;
				SWIFT_APPROACHABLE_CONCURRENCY = YES;
				SWIFT_EMIT_LOC_STRINGS = NO;
				SWIFT_UPCOMING_FEATURE_MEMBER_IMPORT_VISIBILITY = YES;
				SWIFT_VERSION = 5.0;
				TARGETED_DEVICE_FAMILY = "1,2";
				TEST_HOST = "$(BUILT_PRODUCTS_DIR)/Bible.app/$(BUNDLE_EXECUTABLE_FOLDER_PATH)/Bible";
			};
			name = Debug;
		};
		2CB677F22EB680AE00E609B5 /* Release */ = {
			isa = XCBuildConfiguration;
			buildSettings = {
				BUNDLE_LOADER = "$(TEST_HOST)";
				CODE_SIGN_STYLE = Automatic;
				CURRENT_PROJECT_VERSION = 1;
				DEVELOPMENT_TEAM = ZKG79M599K;
				GENERATE_INFOPLIST_FILE = YES;
				IPHONEOS_DEPLOYMENT_TARGET = 26.0;
				MARKETING_VERSION = 1.0;
				PRODUCT_BUNDLE_IDENTIFIER = Creecy.BibleTests;
				PRODUCT_NAME = "$(TARGET_NAME)";
				SDKROOT = iphoneos;
				STRING_CATALOG_GENERATE_SYMBOLS = NO;
				SWIFT_APPROACHABLE_CONCURRENCY = YES;
				SWIFT_EMIT_LOC_STRINGS = NO;
				SWIFT_UPCOMING_FEATURE_MEMBER_IMPORT_VISIBILITY = YES;
				SWIFT_VERSION = 5.0;
				TARGETED_DEVICE_FAMILY = "1,2";
				TEST_HOST = "$(BUILT_PRODUCTS_DIR)/Bible.app/$(BUNDLE_EXECUTABLE_FOLDER_PATH)/Bible";
				VALIDATE_PRODUCT = YES;
			};
			name = Release;
		};
		2CB677F42EB680AE00E609B5 /* Debug */ = {
			isa = XCBuildConfiguration;
			buildSettings = {
				CODE_SIGN_STYLE = Automatic;
				CURRENT_PROJECT_VERSION = 1;
				DEVELOPMENT_TEAM = ZKG79M599K;
				GENERATE_INFOPLIST_FILE = YES;
				IPHONEOS_DEPLOYMENT_TARGET = 26.0;
				MARKETING_VERSION = 1.0;
				PRODUCT_BUNDLE_IDENTIFIER = Creecy.BibleUITests;
				PRODUCT_NAME = "$(TARGET_NAME)";
				SDKROOT = iphoneos;
				STRING_CATALOG_GENERATE_SYMBOLS = NO;
				SWIFT_APPROACHABLE_CONCURRENCY = YES;
				SWIFT_EMIT_LOC_STRINGS = NO;
				SWIFT_UPCOMING_FEATURE_MEMBER_IMPORT_VISIBILITY = YES;
				SWIFT_VERSION = 5.0;
				TARGETED_DEVICE_FAMILY = "1,2";
				TEST_TARGET_NAME = Bible;
			};
			name = Debug;
		};
		2CB677F52EB680AE00E609B5 /* Release */ = {
			isa = XCBuildConfiguration;
			buildSettings = {
				CODE_SIGN_STYLE = Automatic;
				CURRENT_PROJECT_VERSION = 1;
				DEVELOPMENT_TEAM = ZKG79M599K;
				GENERATE_INFOPLIST_FILE = YES;
				IPHONEOS_DEPLOYMENT_TARGET = 26.0;
				MARKETING_VERSION = 1.0;
				PRODUCT_BUNDLE_IDENTIFIER = Creecy.BibleUITests;
				PRODUCT_NAME = "$(TARGET_NAME)";
				SDKROOT = iphoneos;
				STRING_CATALOG_GENERATE_SYMBOLS = NO;
				SWIFT_APPROACHABLE_CONCURRENCY = YES;
				SWIFT_EMIT_LOC_STRINGS = NO;
				SWIFT_UPCOMING_FEATURE_MEMBER_IMPORT_VISIBILITY = YES;
				SWIFT_VERSION = 5.0;
				TARGETED_DEVICE_FAMILY = "1,2";
				TEST_TARGET_NAME = Bible;
				VALIDATE_PRODUCT = YES;
			};
			name = Release;
		};
/* End XCBuildConfiguration section */

/* Begin XCConfigurationList section */
		2C3B0F682EB14F3D0089556C /* Build configuration list for PBXProject "The Bible" */ = {
			isa = XCConfigurationList;
			buildConfigurations = (
				2C3B0F942EB14F3E0089556C /* Debug */,
				2C3B0F952EB14F3E0089556C /* Release */,
			);
			defaultConfigurationIsVisible = 0;
			defaultConfigurationName = Release;
		};
		2C3B0F912EB14F3E0089556C /* Build configuration list for PBXNativeTarget "The Bible" */ = {
			isa = XCConfigurationList;
			buildConfigurations = (
				2C3B0F922EB14F3E0089556C /* Debug */,
				2C3B0F932EB14F3E0089556C /* Release */,
			);
			defaultConfigurationIsVisible = 0;
			defaultConfigurationName = Release;
		};
		2C3B0F962EB14F3E0089556C /* Build configuration list for PBXNativeTarget "The BibleTests" */ = {
			isa = XCConfigurationList;
			buildConfigurations = (
				2C3B0F972EB14F3E0089556C /* Debug */,
				2C3B0F982EB14F3E0089556C /* Release */,
			);
			defaultConfigurationIsVisible = 0;
			defaultConfigurationName = Release;
		};
		2C3B0F992EB14F3E0089556C /* Build configuration list for PBXNativeTarget "The BibleUITests" */ = {
			isa = XCConfigurationList;
			buildConfigurations = (
				2C3B0F9A2EB14F3E0089556C /* Debug */,
				2C3B0F9B2EB14F3E0089556C /* Release */,
			);
			defaultConfigurationIsVisible = 0;
			defaultConfigurationName = Release;
		};
		2C49CF292EBE0F6D0006FF79 /* Build configuration list for PBXNativeTarget "The Bible (iOS)" */ = {
			isa = XCConfigurationList;
			buildConfigurations = (
				2C49CF222EBE0F6D0006FF79 /* Debug */,
				2C49CF232EBE0F6D0006FF79 /* Release */,
			);
			defaultConfigurationIsVisible = 0;
			defaultConfigurationName = Release;
		};
		2C49CF2A2EBE0F6D0006FF79 /* Build configuration list for PBXNativeTarget "The Bible (iOS)Tests" */ = {
			isa = XCConfigurationList;
			buildConfigurations = (
				2C49CF242EBE0F6D0006FF79 /* Debug */,
				2C49CF252EBE0F6D0006FF79 /* Release */,
			);
			defaultConfigurationIsVisible = 0;
			defaultConfigurationName = Release;
		};
		2C49CF2B2EBE0F6D0006FF79 /* Build configuration list for PBXNativeTarget "The Bible (iOS)UITests" */ = {
			isa = XCConfigurationList;
			buildConfigurations = (
				2C49CF262EBE0F6D0006FF79 /* Debug */,
				2C49CF272EBE0F6D0006FF79 /* Release */,
			);
			defaultConfigurationIsVisible = 0;
			defaultConfigurationName = Release;
		};
		2C49CF742EBE160A0006FF79 /* Build configuration list for PBXNativeTarget "The Bible WidgetsExtension" */ = {
			isa = XCConfigurationList;
			buildConfigurations = (
				2C49CF752EBE160A0006FF79 /* Debug */,
				2C49CF762EBE160A0006FF79 /* Release */,
			);
			defaultConfigurationIsVisible = 0;
			defaultConfigurationName = Release;
		};
		2CB677F02EB680AE00E609B5 /* Build configuration list for PBXNativeTarget "BibleTests" */ = {
			isa = XCConfigurationList;
			buildConfigurations = (
				2CB677F12EB680AE00E609B5 /* Debug */,
				2CB677F22EB680AE00E609B5 /* Release */,
			);
			defaultConfigurationIsVisible = 0;
			defaultConfigurationName = Release;
		};
		2CB677F32EB680AE00E609B5 /* Build configuration list for PBXNativeTarget "BibleUITests" */ = {
			isa = XCConfigurationList;
			buildConfigurations = (
				2CB677F42EB680AE00E609B5 /* Debug */,
				2CB677F52EB680AE00E609B5 /* Release */,
			);
			defaultConfigurationIsVisible = 0;
			defaultConfigurationName = Release;
		};
/* End XCConfigurationList section */
	};
	rootObject = 2C3B0F652EB14F3D0089556C /* Project object */;
}
